// !$*UTF8*$!
{
	archiveVersion = 1;
	classes = {
	};
	objectVersion = 46;
	objects = {

/* Begin PBXBuildFile section */
		3D078DC61C4F2481008E8787 /* TTTTViewController.m in Sources */ = {isa = PBXBuildFile; fileRef = 3D078DC51C4F2481008E8787 /* TTTTViewController.m */; };
		3D3B2DC11C0F290300D0D8B1 /* Assets.xcassets in Resources */ = {isa = PBXBuildFile; fileRef = 3D3B2DC01C0F290300D0D8B1 /* Assets.xcassets */; };
		3D3F54051C08679000F57836 /* CustomSheetView.m in Sources */ = {isa = PBXBuildFile; fileRef = 3D3F54041C08679000F57836 /* CustomSheetView.m */; };
		3D5A78161BFD70D500C4B312 /* header.jpg in Resources */ = {isa = PBXBuildFile; fileRef = 3D5A78151BFD70D500C4B312 /* header.jpg */; };
		3D5A78191BFF259400C4B312 /* TestView.m in Sources */ = {isa = PBXBuildFile; fileRef = 3D5A78181BFF259400C4B312 /* TestView.m */; };
		3D5A78251BFF40B900C4B312 /* Localizable.strings in Resources */ = {isa = PBXBuildFile; fileRef = 3D5A78271BFF40B900C4B312 /* Localizable.strings */; };
		3D7943941C42A7FA004C0518 /* M80AttributedLabel.m in Sources */ = {isa = PBXBuildFile; fileRef = 3D79438C1C42A7FA004C0518 /* M80AttributedLabel.m */; };
		3D7943951C42A7FA004C0518 /* M80AttributedLabelAttachment.m in Sources */ = {isa = PBXBuildFile; fileRef = 3D79438E1C42A7FA004C0518 /* M80AttributedLabelAttachment.m */; };
		3D7943961C42A7FA004C0518 /* M80AttributedLabelURL.m in Sources */ = {isa = PBXBuildFile; fileRef = 3D7943911C42A7FA004C0518 /* M80AttributedLabelURL.m */; };
		3D7943971C42A7FA004C0518 /* NSMutableAttributedString+M80.m in Sources */ = {isa = PBXBuildFile; fileRef = 3D7943931C42A7FA004C0518 /* NSMutableAttributedString+M80.m */; };
		3D8D96C91C293923003E48B1 /* NewsTestController.m in Sources */ = {isa = PBXBuildFile; fileRef = 3D8D96C81C293923003E48B1 /* NewsTestController.m */; };
		3D94A4431BFC549F002F6C03 /* UIView+AEBHandyAutoLayout.m in Sources */ = {isa = PBXBuildFile; fileRef = 3D94A4401BFC549F002F6C03 /* UIView+AEBHandyAutoLayout.m */; };
		3D94A4441BFC549F002F6C03 /* UIView+LayoutMethods.m in Sources */ = {isa = PBXBuildFile; fileRef = 3D94A4421BFC549F002F6C03 /* UIView+LayoutMethods.m */; };
		3D94A4481BFC7315002F6C03 /* PlaySlider.m in Sources */ = {isa = PBXBuildFile; fileRef = 3D94A4471BFC7315002F6C03 /* PlaySlider.m */; };
		3D94A44C1BFC78F7002F6C03 /* RecordTopicViewCell.m in Sources */ = {isa = PBXBuildFile; fileRef = 3D94A44A1BFC78F7002F6C03 /* RecordTopicViewCell.m */; };
		3D94A44D1BFC78F7002F6C03 /* RecordTopicViewCell.xib in Resources */ = {isa = PBXBuildFile; fileRef = 3D94A44B1BFC78F7002F6C03 /* RecordTopicViewCell.xib */; };
		3D94A4501BFC7DA4002F6C03 /* RecordingView.m in Sources */ = {isa = PBXBuildFile; fileRef = 3D94A44F1BFC7DA4002F6C03 /* RecordingView.m */; };
		3D9656F11C1477780005CFB8 /* SizeClass.storyboard in Resources */ = {isa = PBXBuildFile; fileRef = 3D9656F01C1477780005CFB8 /* SizeClass.storyboard */; };
		3D9656F31C147D980005CFB8 /* LaunchScreen.storyboard in Resources */ = {isa = PBXBuildFile; fileRef = 3D9656F21C147D980005CFB8 /* LaunchScreen.storyboard */; };
		3DAA9DA91BF09E5200CA80B5 /* main.m in Sources */ = {isa = PBXBuildFile; fileRef = 3DAA9DA81BF09E5200CA80B5 /* main.m */; };
		3DAA9DAC1BF09E5200CA80B5 /* AppDelegate.m in Sources */ = {isa = PBXBuildFile; fileRef = 3DAA9DAB1BF09E5200CA80B5 /* AppDelegate.m */; };
		3DAA9DC21BF09E5200CA80B5 /* WilliamProjectTests.m in Sources */ = {isa = PBXBuildFile; fileRef = 3DAA9DC11BF09E5200CA80B5 /* WilliamProjectTests.m */; };
		3DAA9DCD1BF09E5200CA80B5 /* WilliamProjectUITests.m in Sources */ = {isa = PBXBuildFile; fileRef = 3DAA9DCC1BF09E5200CA80B5 /* WilliamProjectUITests.m */; };
		3DAA9DDD1BF0BF1200CA80B5 /* BaseViewController.m in Sources */ = {isa = PBXBuildFile; fileRef = 3DAA9DDC1BF0BF1200CA80B5 /* BaseViewController.m */; };
		3DAA9DE01BF0BFBC00CA80B5 /* RootTabBarController.m in Sources */ = {isa = PBXBuildFile; fileRef = 3DAA9DDF1BF0BFBC00CA80B5 /* RootTabBarController.m */; };
		3DAA9DF81BF210F900CA80B5 /* ForYouViewController.m in Sources */ = {isa = PBXBuildFile; fileRef = 3DAA9DF71BF210F900CA80B5 /* ForYouViewController.m */; };
		3DAA9DFE1BF2112200CA80B5 /* NewViewController.m in Sources */ = {isa = PBXBuildFile; fileRef = 3DAA9DFD1BF2112200CA80B5 /* NewViewController.m */; };
		3DAA9E011BF2113500CA80B5 /* RadioViewController.m in Sources */ = {isa = PBXBuildFile; fileRef = 3DAA9E001BF2113500CA80B5 /* RadioViewController.m */; };
		3DAA9E041BF2114700CA80B5 /* ConnectViewController.m in Sources */ = {isa = PBXBuildFile; fileRef = 3DAA9E031BF2114700CA80B5 /* ConnectViewController.m */; };
		3DAA9E0A1BF2117300CA80B5 /* MyMusicViewController.m in Sources */ = {isa = PBXBuildFile; fileRef = 3DAA9E091BF2117300CA80B5 /* MyMusicViewController.m */; };
		3DAA9E521BF334F000CA80B5 /* TTImageManager.m in Sources */ = {isa = PBXBuildFile; fileRef = 3DAA9E511BF334F000CA80B5 /* TTImageManager.m */; };
		3DDCC07E1C9A7FD3008010A3 /* NewsViewCell.m in Sources */ = {isa = PBXBuildFile; fileRef = 3DDCC07D1C9A7FD3008010A3 /* NewsViewCell.m */; };
		3DEDEC951C0319B400A28745 /* TTTopicLabel.m in Sources */ = {isa = PBXBuildFile; fileRef = 3DEDEC941C0319B400A28745 /* TTTopicLabel.m */; };
		3DEE65801C731D8900CC37E0 /* CustomTransitionAController.m in Sources */ = {isa = PBXBuildFile; fileRef = 3DEE657F1C731D8900CC37E0 /* CustomTransitionAController.m */; };
		3DEE65831C731D9E00CC37E0 /* CustomTransitionBController.m in Sources */ = {isa = PBXBuildFile; fileRef = 3DEE65821C731D9E00CC37E0 /* CustomTransitionBController.m */; };
		3DEE65861C731DDA00CC37E0 /* CustomAnimationTransition.m in Sources */ = {isa = PBXBuildFile; fileRef = 3DEE65851C731DDA00CC37E0 /* CustomAnimationTransition.m */; };
		3DF7C6471C855F4900FC355B /* HeaderViewController.m in Sources */ = {isa = PBXBuildFile; fileRef = 3DF7C6461C855F4900FC355B /* HeaderViewController.m */; };
		3DF7C65A1C85CF9E00FC355B /* ANewViewController.m in Sources */ = {isa = PBXBuildFile; fileRef = 3DF7C6591C85CF9E00FC355B /* ANewViewController.m */; };
		3DF7C65D1C85D12800FC355B /* FirstViewController.m in Sources */ = {isa = PBXBuildFile; fileRef = 3DF7C65C1C85D12800FC355B /* FirstViewController.m */; };
		3DF7C6601C85D13500FC355B /* SecondViewController.m in Sources */ = {isa = PBXBuildFile; fileRef = 3DF7C65F1C85D13500FC355B /* SecondViewController.m */; };
		3DFE53BE1C07F26100D9725A /* TestViewController.m in Sources */ = {isa = PBXBuildFile; fileRef = 3DFE53BD1C07F26100D9725A /* TestViewController.m */; };
		CF766D8CCCDBCC543085BC95 /* libPods-WilliamProject.a in Frameworks */ = {isa = PBXBuildFile; fileRef = 330B9F70EF74A67E50FA7A8A /* libPods-WilliamProject.a */; };
/* End PBXBuildFile section */

/* Begin PBXContainerItemProxy section */
		3DAA9DBE1BF09E5200CA80B5 /* PBXContainerItemProxy */ = {
			isa = PBXContainerItemProxy;
			containerPortal = 3DAA9D9C1BF09E5100CA80B5 /* Project object */;
			proxyType = 1;
			remoteGlobalIDString = 3DAA9DA31BF09E5200CA80B5;
			remoteInfo = WilliamProject;
		};
		3DAA9DC91BF09E5200CA80B5 /* PBXContainerItemProxy */ = {
			isa = PBXContainerItemProxy;
			containerPortal = 3DAA9D9C1BF09E5100CA80B5 /* Project object */;
			proxyType = 1;
			remoteGlobalIDString = 3DAA9DA31BF09E5200CA80B5;
			remoteInfo = WilliamProject;
		};
/* End PBXContainerItemProxy section */

/* Begin PBXFileReference section */
		330B9F70EF74A67E50FA7A8A /* libPods-WilliamProject.a */ = {isa = PBXFileReference; explicitFileType = archive.ar; includeInIndex = 0; path = "libPods-WilliamProject.a"; sourceTree = BUILT_PRODUCTS_DIR; };
		3D078DC41C4F2481008E8787 /* TTTTViewController.h */ = {isa = PBXFileReference; fileEncoding = 4; lastKnownFileType = sourcecode.c.h; path = TTTTViewController.h; sourceTree = "<group>"; };
		3D078DC51C4F2481008E8787 /* TTTTViewController.m */ = {isa = PBXFileReference; fileEncoding = 4; lastKnownFileType = sourcecode.c.objc; path = TTTTViewController.m; sourceTree = "<group>"; };
		3D3B2DC01C0F290300D0D8B1 /* Assets.xcassets */ = {isa = PBXFileReference; lastKnownFileType = folder.assetcatalog; path = Assets.xcassets; sourceTree = "<group>"; };
		3D3F54031C08679000F57836 /* CustomSheetView.h */ = {isa = PBXFileReference; fileEncoding = 4; lastKnownFileType = sourcecode.c.h; path = CustomSheetView.h; sourceTree = "<group>"; };
		3D3F54041C08679000F57836 /* CustomSheetView.m */ = {isa = PBXFileReference; fileEncoding = 4; lastKnownFileType = sourcecode.c.objc; path = CustomSheetView.m; sourceTree = "<group>"; };
		3D5A78151BFD70D500C4B312 /* header.jpg */ = {isa = PBXFileReference; lastKnownFileType = image.jpeg; path = header.jpg; sourceTree = "<group>"; };
		3D5A78171BFF259400C4B312 /* TestView.h */ = {isa = PBXFileReference; fileEncoding = 4; lastKnownFileType = sourcecode.c.h; path = TestView.h; sourceTree = "<group>"; };
		3D5A78181BFF259400C4B312 /* TestView.m */ = {isa = PBXFileReference; fileEncoding = 4; lastKnownFileType = sourcecode.c.objc; path = TestView.m; sourceTree = "<group>"; };
		3D5A78261BFF40B900C4B312 /* Base */ = {isa = PBXFileReference; lastKnownFileType = text.plist.strings; name = Base; path = Base.lproj/Localizable.strings; sourceTree = "<group>"; };
		3D5A78281BFF40BB00C4B312 /* en */ = {isa = PBXFileReference; lastKnownFileType = text.plist.strings; name = en; path = en.lproj/Localizable.strings; sourceTree = "<group>"; };
		3D5A78291BFF40BD00C4B312 /* zh-Hans */ = {isa = PBXFileReference; lastKnownFileType = text.plist.strings; name = "zh-Hans"; path = "zh-Hans.lproj/Localizable.strings"; sourceTree = "<group>"; };
		3D79438B1C42A7FA004C0518 /* M80AttributedLabel.h */ = {isa = PBXFileReference; fileEncoding = 4; lastKnownFileType = sourcecode.c.h; path = M80AttributedLabel.h; sourceTree = "<group>"; };
		3D79438C1C42A7FA004C0518 /* M80AttributedLabel.m */ = {isa = PBXFileReference; fileEncoding = 4; lastKnownFileType = sourcecode.c.objc; path = M80AttributedLabel.m; sourceTree = "<group>"; };
		3D79438D1C42A7FA004C0518 /* M80AttributedLabelAttachment.h */ = {isa = PBXFileReference; fileEncoding = 4; lastKnownFileType = sourcecode.c.h; path = M80AttributedLabelAttachment.h; sourceTree = "<group>"; };
		3D79438E1C42A7FA004C0518 /* M80AttributedLabelAttachment.m */ = {isa = PBXFileReference; fileEncoding = 4; lastKnownFileType = sourcecode.c.objc; path = M80AttributedLabelAttachment.m; sourceTree = "<group>"; };
		3D79438F1C42A7FA004C0518 /* M80AttributedLabelDefines.h */ = {isa = PBXFileReference; fileEncoding = 4; lastKnownFileType = sourcecode.c.h; path = M80AttributedLabelDefines.h; sourceTree = "<group>"; };
		3D7943901C42A7FA004C0518 /* M80AttributedLabelURL.h */ = {isa = PBXFileReference; fileEncoding = 4; lastKnownFileType = sourcecode.c.h; path = M80AttributedLabelURL.h; sourceTree = "<group>"; };
		3D7943911C42A7FA004C0518 /* M80AttributedLabelURL.m */ = {isa = PBXFileReference; fileEncoding = 4; lastKnownFileType = sourcecode.c.objc; path = M80AttributedLabelURL.m; sourceTree = "<group>"; };
		3D7943921C42A7FA004C0518 /* NSMutableAttributedString+M80.h */ = {isa = PBXFileReference; fileEncoding = 4; lastKnownFileType = sourcecode.c.h; path = "NSMutableAttributedString+M80.h"; sourceTree = "<group>"; };
		3D7943931C42A7FA004C0518 /* NSMutableAttributedString+M80.m */ = {isa = PBXFileReference; fileEncoding = 4; lastKnownFileType = sourcecode.c.objc; path = "NSMutableAttributedString+M80.m"; sourceTree = "<group>"; };
		3D8D96C71C293923003E48B1 /* NewsTestController.h */ = {isa = PBXFileReference; fileEncoding = 4; lastKnownFileType = sourcecode.c.h; path = NewsTestController.h; sourceTree = "<group>"; };
		3D8D96C81C293923003E48B1 /* NewsTestController.m */ = {isa = PBXFileReference; fileEncoding = 4; lastKnownFileType = sourcecode.c.objc; path = NewsTestController.m; sourceTree = "<group>"; };
		3D94A43F1BFC549F002F6C03 /* UIView+AEBHandyAutoLayout.h */ = {isa = PBXFileReference; fileEncoding = 4; lastKnownFileType = sourcecode.c.h; path = "UIView+AEBHandyAutoLayout.h"; sourceTree = "<group>"; };
		3D94A4401BFC549F002F6C03 /* UIView+AEBHandyAutoLayout.m */ = {isa = PBXFileReference; fileEncoding = 4; lastKnownFileType = sourcecode.c.objc; path = "UIView+AEBHandyAutoLayout.m"; sourceTree = "<group>"; };
		3D94A4411BFC549F002F6C03 /* UIView+LayoutMethods.h */ = {isa = PBXFileReference; fileEncoding = 4; lastKnownFileType = sourcecode.c.h; path = "UIView+LayoutMethods.h"; sourceTree = "<group>"; };
		3D94A4421BFC549F002F6C03 /* UIView+LayoutMethods.m */ = {isa = PBXFileReference; fileEncoding = 4; lastKnownFileType = sourcecode.c.objc; path = "UIView+LayoutMethods.m"; sourceTree = "<group>"; };
		3D94A4451BFC5684002F6C03 /* PrefixHeader.pch */ = {isa = PBXFileReference; lastKnownFileType = sourcecode.c.h; path = PrefixHeader.pch; sourceTree = "<group>"; };
		3D94A4461BFC7315002F6C03 /* PlaySlider.h */ = {isa = PBXFileReference; fileEncoding = 4; lastKnownFileType = sourcecode.c.h; path = PlaySlider.h; sourceTree = "<group>"; };
		3D94A4471BFC7315002F6C03 /* PlaySlider.m */ = {isa = PBXFileReference; fileEncoding = 4; lastKnownFileType = sourcecode.c.objc; path = PlaySlider.m; sourceTree = "<group>"; };
		3D94A4491BFC78F7002F6C03 /* RecordTopicViewCell.h */ = {isa = PBXFileReference; fileEncoding = 4; lastKnownFileType = sourcecode.c.h; path = RecordTopicViewCell.h; sourceTree = "<group>"; };
		3D94A44A1BFC78F7002F6C03 /* RecordTopicViewCell.m */ = {isa = PBXFileReference; fileEncoding = 4; lastKnownFileType = sourcecode.c.objc; path = RecordTopicViewCell.m; sourceTree = "<group>"; };
		3D94A44B1BFC78F7002F6C03 /* RecordTopicViewCell.xib */ = {isa = PBXFileReference; fileEncoding = 4; lastKnownFileType = file.xib; path = RecordTopicViewCell.xib; sourceTree = "<group>"; };
		3D94A44E1BFC7DA4002F6C03 /* RecordingView.h */ = {isa = PBXFileReference; fileEncoding = 4; lastKnownFileType = sourcecode.c.h; path = RecordingView.h; sourceTree = "<group>"; };
		3D94A44F1BFC7DA4002F6C03 /* RecordingView.m */ = {isa = PBXFileReference; fileEncoding = 4; lastKnownFileType = sourcecode.c.objc; path = RecordingView.m; sourceTree = "<group>"; };
		3D9656F01C1477780005CFB8 /* SizeClass.storyboard */ = {isa = PBXFileReference; fileEncoding = 4; lastKnownFileType = file.storyboard; path = SizeClass.storyboard; sourceTree = "<group>"; };
		3D9656F21C147D980005CFB8 /* LaunchScreen.storyboard */ = {isa = PBXFileReference; fileEncoding = 4; lastKnownFileType = file.storyboard; path = LaunchScreen.storyboard; sourceTree = "<group>"; };
		3DAA9DA41BF09E5200CA80B5 /* WilliamProject.app */ = {isa = PBXFileReference; explicitFileType = wrapper.application; includeInIndex = 0; path = WilliamProject.app; sourceTree = BUILT_PRODUCTS_DIR; };
		3DAA9DA81BF09E5200CA80B5 /* main.m */ = {isa = PBXFileReference; lastKnownFileType = sourcecode.c.objc; path = main.m; sourceTree = "<group>"; };
		3DAA9DAA1BF09E5200CA80B5 /* AppDelegate.h */ = {isa = PBXFileReference; lastKnownFileType = sourcecode.c.h; path = AppDelegate.h; sourceTree = "<group>"; };
		3DAA9DAB1BF09E5200CA80B5 /* AppDelegate.m */ = {isa = PBXFileReference; lastKnownFileType = sourcecode.c.objc; path = AppDelegate.m; sourceTree = "<group>"; };
		3DAA9DB81BF09E5200CA80B5 /* Info.plist */ = {isa = PBXFileReference; lastKnownFileType = text.plist.xml; path = Info.plist; sourceTree = "<group>"; };
		3DAA9DBD1BF09E5200CA80B5 /* WilliamProjectTests.xctest */ = {isa = PBXFileReference; explicitFileType = wrapper.cfbundle; includeInIndex = 0; path = WilliamProjectTests.xctest; sourceTree = BUILT_PRODUCTS_DIR; };
		3DAA9DC11BF09E5200CA80B5 /* WilliamProjectTests.m */ = {isa = PBXFileReference; lastKnownFileType = sourcecode.c.objc; path = WilliamProjectTests.m; sourceTree = "<group>"; };
		3DAA9DC31BF09E5200CA80B5 /* Info.plist */ = {isa = PBXFileReference; lastKnownFileType = text.plist.xml; path = Info.plist; sourceTree = "<group>"; };
		3DAA9DC81BF09E5200CA80B5 /* WilliamProjectUITests.xctest */ = {isa = PBXFileReference; explicitFileType = wrapper.cfbundle; includeInIndex = 0; path = WilliamProjectUITests.xctest; sourceTree = BUILT_PRODUCTS_DIR; };
		3DAA9DCC1BF09E5200CA80B5 /* WilliamProjectUITests.m */ = {isa = PBXFileReference; lastKnownFileType = sourcecode.c.objc; path = WilliamProjectUITests.m; sourceTree = "<group>"; };
		3DAA9DCE1BF09E5200CA80B5 /* Info.plist */ = {isa = PBXFileReference; lastKnownFileType = text.plist.xml; path = Info.plist; sourceTree = "<group>"; };
		3DAA9DDB1BF0BF1200CA80B5 /* BaseViewController.h */ = {isa = PBXFileReference; fileEncoding = 4; lastKnownFileType = sourcecode.c.h; path = BaseViewController.h; sourceTree = "<group>"; };
		3DAA9DDC1BF0BF1200CA80B5 /* BaseViewController.m */ = {isa = PBXFileReference; fileEncoding = 4; lastKnownFileType = sourcecode.c.objc; path = BaseViewController.m; sourceTree = "<group>"; };
		3DAA9DDE1BF0BFBC00CA80B5 /* RootTabBarController.h */ = {isa = PBXFileReference; fileEncoding = 4; lastKnownFileType = sourcecode.c.h; path = RootTabBarController.h; sourceTree = "<group>"; };
		3DAA9DDF1BF0BFBC00CA80B5 /* RootTabBarController.m */ = {isa = PBXFileReference; fileEncoding = 4; lastKnownFileType = sourcecode.c.objc; path = RootTabBarController.m; sourceTree = "<group>"; };
		3DAA9DF61BF210F900CA80B5 /* ForYouViewController.h */ = {isa = PBXFileReference; fileEncoding = 4; lastKnownFileType = sourcecode.c.h; path = ForYouViewController.h; sourceTree = "<group>"; };
		3DAA9DF71BF210F900CA80B5 /* ForYouViewController.m */ = {isa = PBXFileReference; fileEncoding = 4; lastKnownFileType = sourcecode.c.objc; path = ForYouViewController.m; sourceTree = "<group>"; };
		3DAA9DFC1BF2112200CA80B5 /* NewViewController.h */ = {isa = PBXFileReference; fileEncoding = 4; lastKnownFileType = sourcecode.c.h; path = NewViewController.h; sourceTree = "<group>"; };
		3DAA9DFD1BF2112200CA80B5 /* NewViewController.m */ = {isa = PBXFileReference; fileEncoding = 4; lastKnownFileType = sourcecode.c.objc; path = NewViewController.m; sourceTree = "<group>"; };
		3DAA9DFF1BF2113500CA80B5 /* RadioViewController.h */ = {isa = PBXFileReference; fileEncoding = 4; lastKnownFileType = sourcecode.c.h; path = RadioViewController.h; sourceTree = "<group>"; };
		3DAA9E001BF2113500CA80B5 /* RadioViewController.m */ = {isa = PBXFileReference; fileEncoding = 4; lastKnownFileType = sourcecode.c.objc; path = RadioViewController.m; sourceTree = "<group>"; };
		3DAA9E021BF2114700CA80B5 /* ConnectViewController.h */ = {isa = PBXFileReference; fileEncoding = 4; lastKnownFileType = sourcecode.c.h; path = ConnectViewController.h; sourceTree = "<group>"; };
		3DAA9E031BF2114700CA80B5 /* ConnectViewController.m */ = {isa = PBXFileReference; fileEncoding = 4; lastKnownFileType = sourcecode.c.objc; path = ConnectViewController.m; sourceTree = "<group>"; };
		3DAA9E081BF2117300CA80B5 /* MyMusicViewController.h */ = {isa = PBXFileReference; fileEncoding = 4; lastKnownFileType = sourcecode.c.h; path = MyMusicViewController.h; sourceTree = "<group>"; };
		3DAA9E091BF2117300CA80B5 /* MyMusicViewController.m */ = {isa = PBXFileReference; fileEncoding = 4; lastKnownFileType = sourcecode.c.objc; path = MyMusicViewController.m; sourceTree = "<group>"; };
		3DAA9E501BF334F000CA80B5 /* TTImageManager.h */ = {isa = PBXFileReference; fileEncoding = 4; lastKnownFileType = sourcecode.c.h; path = TTImageManager.h; sourceTree = "<group>"; };
		3DAA9E511BF334F000CA80B5 /* TTImageManager.m */ = {isa = PBXFileReference; fileEncoding = 4; lastKnownFileType = sourcecode.c.objc; path = TTImageManager.m; sourceTree = "<group>"; };
		3DDCC07C1C9A7FD3008010A3 /* NewsViewCell.h */ = {isa = PBXFileReference; fileEncoding = 4; lastKnownFileType = sourcecode.c.h; path = NewsViewCell.h; sourceTree = "<group>"; };
		3DDCC07D1C9A7FD3008010A3 /* NewsViewCell.m */ = {isa = PBXFileReference; fileEncoding = 4; lastKnownFileType = sourcecode.c.objc; path = NewsViewCell.m; sourceTree = "<group>"; };
		3DEDEC931C0319B400A28745 /* TTTopicLabel.h */ = {isa = PBXFileReference; fileEncoding = 4; lastKnownFileType = sourcecode.c.h; path = TTTopicLabel.h; sourceTree = "<group>"; };
		3DEDEC941C0319B400A28745 /* TTTopicLabel.m */ = {isa = PBXFileReference; fileEncoding = 4; lastKnownFileType = sourcecode.c.objc; path = TTTopicLabel.m; sourceTree = "<group>"; };
		3DEE657E1C731D8900CC37E0 /* CustomTransitionAController.h */ = {isa = PBXFileReference; fileEncoding = 4; lastKnownFileType = sourcecode.c.h; path = CustomTransitionAController.h; sourceTree = "<group>"; };
		3DEE657F1C731D8900CC37E0 /* CustomTransitionAController.m */ = {isa = PBXFileReference; fileEncoding = 4; lastKnownFileType = sourcecode.c.objc; path = CustomTransitionAController.m; sourceTree = "<group>"; };
		3DEE65811C731D9E00CC37E0 /* CustomTransitionBController.h */ = {isa = PBXFileReference; fileEncoding = 4; lastKnownFileType = sourcecode.c.h; path = CustomTransitionBController.h; sourceTree = "<group>"; };
		3DEE65821C731D9E00CC37E0 /* CustomTransitionBController.m */ = {isa = PBXFileReference; fileEncoding = 4; lastKnownFileType = sourcecode.c.objc; path = CustomTransitionBController.m; sourceTree = "<group>"; };
		3DEE65841C731DDA00CC37E0 /* CustomAnimationTransition.h */ = {isa = PBXFileReference; fileEncoding = 4; lastKnownFileType = sourcecode.c.h; path = CustomAnimationTransition.h; sourceTree = "<group>"; };
		3DEE65851C731DDA00CC37E0 /* CustomAnimationTransition.m */ = {isa = PBXFileReference; fileEncoding = 4; lastKnownFileType = sourcecode.c.objc; path = CustomAnimationTransition.m; sourceTree = "<group>"; };
		3DF7C6451C855F4900FC355B /* HeaderViewController.h */ = {isa = PBXFileReference; fileEncoding = 4; lastKnownFileType = sourcecode.c.h; path = HeaderViewController.h; sourceTree = "<group>"; };
		3DF7C6461C855F4900FC355B /* HeaderViewController.m */ = {isa = PBXFileReference; fileEncoding = 4; lastKnownFileType = sourcecode.c.objc; path = HeaderViewController.m; sourceTree = "<group>"; };
		3DF7C6581C85CF9E00FC355B /* ANewViewController.h */ = {isa = PBXFileReference; fileEncoding = 4; lastKnownFileType = sourcecode.c.h; path = ANewViewController.h; sourceTree = "<group>"; };
		3DF7C6591C85CF9E00FC355B /* ANewViewController.m */ = {isa = PBXFileReference; fileEncoding = 4; lastKnownFileType = sourcecode.c.objc; path = ANewViewController.m; sourceTree = "<group>"; };
		3DF7C65B1C85D12800FC355B /* FirstViewController.h */ = {isa = PBXFileReference; fileEncoding = 4; lastKnownFileType = sourcecode.c.h; path = FirstViewController.h; sourceTree = "<group>"; };
		3DF7C65C1C85D12800FC355B /* FirstViewController.m */ = {isa = PBXFileReference; fileEncoding = 4; lastKnownFileType = sourcecode.c.objc; path = FirstViewController.m; sourceTree = "<group>"; };
		3DF7C65E1C85D13500FC355B /* SecondViewController.h */ = {isa = PBXFileReference; fileEncoding = 4; lastKnownFileType = sourcecode.c.h; path = SecondViewController.h; sourceTree = "<group>"; };
		3DF7C65F1C85D13500FC355B /* SecondViewController.m */ = {isa = PBXFileReference; fileEncoding = 4; lastKnownFileType = sourcecode.c.objc; path = SecondViewController.m; sourceTree = "<group>"; };
		3DFE53BC1C07F26100D9725A /* TestViewController.h */ = {isa = PBXFileReference; fileEncoding = 4; lastKnownFileType = sourcecode.c.h; path = TestViewController.h; sourceTree = "<group>"; };
		3DFE53BD1C07F26100D9725A /* TestViewController.m */ = {isa = PBXFileReference; fileEncoding = 4; lastKnownFileType = sourcecode.c.objc; path = TestViewController.m; sourceTree = "<group>"; };
		B658DFC561ED43211B9F22AC /* Pods-WilliamProject.debug.xcconfig */ = {isa = PBXFileReference; includeInIndex = 1; lastKnownFileType = text.xcconfig; name = "Pods-WilliamProject.debug.xcconfig"; path = "Pods/Target Support Files/Pods-WilliamProject/Pods-WilliamProject.debug.xcconfig"; sourceTree = "<group>"; };
		F387D5FFFD48F6FB44614F8D /* Pods-WilliamProject.release.xcconfig */ = {isa = PBXFileReference; includeInIndex = 1; lastKnownFileType = text.xcconfig; name = "Pods-WilliamProject.release.xcconfig"; path = "Pods/Target Support Files/Pods-WilliamProject/Pods-WilliamProject.release.xcconfig"; sourceTree = "<group>"; };
/* End PBXFileReference section */

/* Begin PBXFrameworksBuildPhase section */
		3DAA9DA11BF09E5200CA80B5 /* Frameworks */ = {
			isa = PBXFrameworksBuildPhase;
			buildActionMask = 2147483647;
			files = (
				CF766D8CCCDBCC543085BC95 /* libPods-WilliamProject.a in Frameworks */,
			);
			runOnlyForDeploymentPostprocessing = 0;
		};
		3DAA9DBA1BF09E5200CA80B5 /* Frameworks */ = {
			isa = PBXFrameworksBuildPhase;
			buildActionMask = 2147483647;
			files = (
			);
			runOnlyForDeploymentPostprocessing = 0;
		};
		3DAA9DC51BF09E5200CA80B5 /* Frameworks */ = {
			isa = PBXFrameworksBuildPhase;
			buildActionMask = 2147483647;
			files = (
			);
			runOnlyForDeploymentPostprocessing = 0;
		};
/* End PBXFrameworksBuildPhase section */

/* Begin PBXGroup section */
		3D79438A1C42A7FA004C0518 /* M80AttributedLabel */ = {
			isa = PBXGroup;
			children = (
				3D79438B1C42A7FA004C0518 /* M80AttributedLabel.h */,
				3D79438C1C42A7FA004C0518 /* M80AttributedLabel.m */,
				3D79438D1C42A7FA004C0518 /* M80AttributedLabelAttachment.h */,
				3D79438E1C42A7FA004C0518 /* M80AttributedLabelAttachment.m */,
				3D79438F1C42A7FA004C0518 /* M80AttributedLabelDefines.h */,
				3D7943901C42A7FA004C0518 /* M80AttributedLabelURL.h */,
				3D7943911C42A7FA004C0518 /* M80AttributedLabelURL.m */,
				3D7943921C42A7FA004C0518 /* NSMutableAttributedString+M80.h */,
				3D7943931C42A7FA004C0518 /* NSMutableAttributedString+M80.m */,
			);
			path = M80AttributedLabel;
			sourceTree = "<group>";
		};
		3D94A43D1BFC5482002F6C03 /* Categories */ = {
			isa = PBXGroup;
			children = (
				3D79438A1C42A7FA004C0518 /* M80AttributedLabel */,
				3D94A43E1BFC549F002F6C03 /* UIView */,
			);
			path = Categories;
			sourceTree = "<group>";
		};
		3D94A43E1BFC549F002F6C03 /* UIView */ = {
			isa = PBXGroup;
			children = (
				3D94A43F1BFC549F002F6C03 /* UIView+AEBHandyAutoLayout.h */,
				3D94A4401BFC549F002F6C03 /* UIView+AEBHandyAutoLayout.m */,
				3D94A4411BFC549F002F6C03 /* UIView+LayoutMethods.h */,
				3D94A4421BFC549F002F6C03 /* UIView+LayoutMethods.m */,
			);
			path = UIView;
			sourceTree = "<group>";
		};
		3DAA9D9B1BF09E5100CA80B5 = {
			isa = PBXGroup;
			children = (
				3DAA9DA61BF09E5200CA80B5 /* WilliamProject */,
				3DAA9DC01BF09E5200CA80B5 /* WilliamProjectTests */,
				3DAA9DCB1BF09E5200CA80B5 /* WilliamProjectUITests */,
				3DAA9DA51BF09E5200CA80B5 /* Products */,
				B4D9021A3B883E3E3E63BC5A /* Pods */,
				AE497DF0FB0EF033CAF67F13 /* Frameworks */,
			);
			sourceTree = "<group>";
		};
		3DAA9DA51BF09E5200CA80B5 /* Products */ = {
			isa = PBXGroup;
			children = (
				3DAA9DA41BF09E5200CA80B5 /* WilliamProject.app */,
				3DAA9DBD1BF09E5200CA80B5 /* WilliamProjectTests.xctest */,
				3DAA9DC81BF09E5200CA80B5 /* WilliamProjectUITests.xctest */,
			);
			name = Products;
			sourceTree = "<group>";
		};
		3DAA9DA61BF09E5200CA80B5 /* WilliamProject */ = {
			isa = PBXGroup;
			children = (
				3DAA9DAA1BF09E5200CA80B5 /* AppDelegate.h */,
				3DAA9DAB1BF09E5200CA80B5 /* AppDelegate.m */,
				3D94A43D1BFC5482002F6C03 /* Categories */,
				3DAA9E4F1BF333D900CA80B5 /* Services */,
				3DAA9DE11BF0C0C200CA80B5 /* MainModule */,
				3DAA9DDA1BF0BED700CA80B5 /* BaseControllers */,
				3DAA9DB81BF09E5200CA80B5 /* Info.plist */,
				3DAA9DA71BF09E5200CA80B5 /* Supporting Files */,
				3D5A78271BFF40B900C4B312 /* Localizable.strings */,
				3D3B2DC01C0F290300D0D8B1 /* Assets.xcassets */,
				3D9656F01C1477780005CFB8 /* SizeClass.storyboard */,
			);
			path = WilliamProject;
			sourceTree = "<group>";
		};
		3DAA9DA71BF09E5200CA80B5 /* Supporting Files */ = {
			isa = PBXGroup;
			children = (
				3DAA9DA81BF09E5200CA80B5 /* main.m */,
				3D94A4451BFC5684002F6C03 /* PrefixHeader.pch */,
			);
			name = "Supporting Files";
			sourceTree = "<group>";
		};
		3DAA9DC01BF09E5200CA80B5 /* WilliamProjectTests */ = {
			isa = PBXGroup;
			children = (
				3DAA9DC11BF09E5200CA80B5 /* WilliamProjectTests.m */,
				3DAA9DC31BF09E5200CA80B5 /* Info.plist */,
			);
			path = WilliamProjectTests;
			sourceTree = "<group>";
		};
		3DAA9DCB1BF09E5200CA80B5 /* WilliamProjectUITests */ = {
			isa = PBXGroup;
			children = (
				3DAA9DCC1BF09E5200CA80B5 /* WilliamProjectUITests.m */,
				3DAA9DCE1BF09E5200CA80B5 /* Info.plist */,
			);
			path = WilliamProjectUITests;
			sourceTree = "<group>";
		};
		3DAA9DDA1BF0BED700CA80B5 /* BaseControllers */ = {
			isa = PBXGroup;
			children = (
				3D9656F21C147D980005CFB8 /* LaunchScreen.storyboard */,
				3DAA9DDB1BF0BF1200CA80B5 /* BaseViewController.h */,
				3DAA9DDC1BF0BF1200CA80B5 /* BaseViewController.m */,
				3DAA9DDE1BF0BFBC00CA80B5 /* RootTabBarController.h */,
				3DAA9DDF1BF0BFBC00CA80B5 /* RootTabBarController.m */,
			);
			path = BaseControllers;
			sourceTree = "<group>";
		};
		3DAA9DE11BF0C0C200CA80B5 /* MainModule */ = {
			isa = PBXGroup;
			children = (
				3DAA9DE21BF0C16300CA80B5 /* Connect */,
				3DAA9DE31BF0C16300CA80B5 /* ForYou */,
				3DAA9DE51BF0C16300CA80B5 /* New */,
				3DAA9DE61BF0C16300CA80B5 /* Radio */,
				3DAA9DE41BF0C16300CA80B5 /* MyMusic */,
			);
			path = MainModule;
			sourceTree = "<group>";
		};
		3DAA9DE21BF0C16300CA80B5 /* Connect */ = {
			isa = PBXGroup;
			children = (
				3DAA9DF01BF0CBF200CA80B5 /* Controllers */,
				3DAA9DF11BF0CBF200CA80B5 /* Models */,
				3DAA9DF21BF0CBF200CA80B5 /* Views */,
			);
			path = Connect;
			sourceTree = "<group>";
		};
		3DAA9DE31BF0C16300CA80B5 /* ForYou */ = {
			isa = PBXGroup;
			children = (
				3DAA9DE71BF0CBCB00CA80B5 /* Controllers */,
				3DAA9DE81BF0CBCB00CA80B5 /* Models */,
				3DAA9DE91BF0CBCB00CA80B5 /* Views */,
			);
			path = ForYou;
			sourceTree = "<group>";
		};
		3DAA9DE41BF0C16300CA80B5 /* MyMusic */ = {
			isa = PBXGroup;
			children = (
				3DAA9DF31BF0CBFC00CA80B5 /* Controllers */,
				3DAA9DF41BF0CBFC00CA80B5 /* Models */,
				3DAA9DF51BF0CBFC00CA80B5 /* Views */,
			);
			path = MyMusic;
			sourceTree = "<group>";
		};
		3DAA9DE51BF0C16300CA80B5 /* New */ = {
			isa = PBXGroup;
			children = (
				3DAA9DEA1BF0CBDD00CA80B5 /* Controllers */,
				3DAA9DEB1BF0CBDD00CA80B5 /* Models */,
				3DAA9DEC1BF0CBDD00CA80B5 /* Views */,
			);
			path = New;
			sourceTree = "<group>";
		};
		3DAA9DE61BF0C16300CA80B5 /* Radio */ = {
			isa = PBXGroup;
			children = (
				3DAA9DED1BF0CBE700CA80B5 /* Controllers */,
				3DAA9DEE1BF0CBE700CA80B5 /* Models */,
				3DAA9DEF1BF0CBE700CA80B5 /* Views */,
			);
			path = Radio;
			sourceTree = "<group>";
		};
		3DAA9DE71BF0CBCB00CA80B5 /* Controllers */ = {
			isa = PBXGroup;
			children = (
				3DAA9DF61BF210F900CA80B5 /* ForYouViewController.h */,
				3DAA9DF71BF210F900CA80B5 /* ForYouViewController.m */,
				3D078DC41C4F2481008E8787 /* TTTTViewController.h */,
				3D078DC51C4F2481008E8787 /* TTTTViewController.m */,
				3DEE657E1C731D8900CC37E0 /* CustomTransitionAController.h */,
				3DEE657F1C731D8900CC37E0 /* CustomTransitionAController.m */,
				3DEE65811C731D9E00CC37E0 /* CustomTransitionBController.h */,
				3DEE65821C731D9E00CC37E0 /* CustomTransitionBController.m */,
				3DEE65841C731DDA00CC37E0 /* CustomAnimationTransition.h */,
				3DEE65851C731DDA00CC37E0 /* CustomAnimationTransition.m */,
			);
			path = Controllers;
			sourceTree = "<group>";
		};
		3DAA9DE81BF0CBCB00CA80B5 /* Models */ = {
			isa = PBXGroup;
			children = (
			);
			path = Models;
			sourceTree = "<group>";
		};
		3DAA9DE91BF0CBCB00CA80B5 /* Views */ = {
			isa = PBXGroup;
			children = (
			);
			path = Views;
			sourceTree = "<group>";
		};
		3DAA9DEA1BF0CBDD00CA80B5 /* Controllers */ = {
			isa = PBXGroup;
			children = (
				3DAA9DFC1BF2112200CA80B5 /* NewViewController.h */,
				3DAA9DFD1BF2112200CA80B5 /* NewViewController.m */,
				3D8D96C71C293923003E48B1 /* NewsTestController.h */,
				3D8D96C81C293923003E48B1 /* NewsTestController.m */,
			);
			path = Controllers;
			sourceTree = "<group>";
		};
		3DAA9DEB1BF0CBDD00CA80B5 /* Models */ = {
			isa = PBXGroup;
			children = (
			);
			path = Models;
			sourceTree = "<group>";
		};
		3DAA9DEC1BF0CBDD00CA80B5 /* Views */ = {
			isa = PBXGroup;
			children = (
				3DDCC07C1C9A7FD3008010A3 /* NewsViewCell.h */,
				3DDCC07D1C9A7FD3008010A3 /* NewsViewCell.m */,
			);
			path = Views;
			sourceTree = "<group>";
		};
		3DAA9DED1BF0CBE700CA80B5 /* Controllers */ = {
			isa = PBXGroup;
			children = (
				3DAA9DFF1BF2113500CA80B5 /* RadioViewController.h */,
				3DAA9E001BF2113500CA80B5 /* RadioViewController.m */,
				3DFE53BC1C07F26100D9725A /* TestViewController.h */,
				3DFE53BD1C07F26100D9725A /* TestViewController.m */,
				3D3F54031C08679000F57836 /* CustomSheetView.h */,
				3D3F54041C08679000F57836 /* CustomSheetView.m */,
			);
			path = Controllers;
			sourceTree = "<group>";
		};
		3DAA9DEE1BF0CBE700CA80B5 /* Models */ = {
			isa = PBXGroup;
			children = (
			);
			path = Models;
			sourceTree = "<group>";
		};
		3DAA9DEF1BF0CBE700CA80B5 /* Views */ = {
			isa = PBXGroup;
			children = (
				3D94A4461BFC7315002F6C03 /* PlaySlider.h */,
				3D94A4471BFC7315002F6C03 /* PlaySlider.m */,
			);
			path = Views;
			sourceTree = "<group>";
		};
		3DAA9DF01BF0CBF200CA80B5 /* Controllers */ = {
			isa = PBXGroup;
			children = (
				3DAA9E021BF2114700CA80B5 /* ConnectViewController.h */,
				3DAA9E031BF2114700CA80B5 /* ConnectViewController.m */,
				3DF7C6451C855F4900FC355B /* HeaderViewController.h */,
				3DF7C6461C855F4900FC355B /* HeaderViewController.m */,
				3DF7C6581C85CF9E00FC355B /* ANewViewController.h */,
				3DF7C6591C85CF9E00FC355B /* ANewViewController.m */,
				3DF7C65B1C85D12800FC355B /* FirstViewController.h */,
				3DF7C65C1C85D12800FC355B /* FirstViewController.m */,
				3DF7C65E1C85D13500FC355B /* SecondViewController.h */,
				3DF7C65F1C85D13500FC355B /* SecondViewController.m */,
			);
			path = Controllers;
			sourceTree = "<group>";
		};
		3DAA9DF11BF0CBF200CA80B5 /* Models */ = {
			isa = PBXGroup;
			children = (
			);
			path = Models;
			sourceTree = "<group>";
		};
		3DAA9DF21BF0CBF200CA80B5 /* Views */ = {
			isa = PBXGroup;
			children = (
			);
			path = Views;
			sourceTree = "<group>";
		};
		3DAA9DF31BF0CBFC00CA80B5 /* Controllers */ = {
			isa = PBXGroup;
			children = (
				3DAA9E081BF2117300CA80B5 /* MyMusicViewController.h */,
				3DAA9E091BF2117300CA80B5 /* MyMusicViewController.m */,
			);
			path = Controllers;
			sourceTree = "<group>";
		};
		3DAA9DF41BF0CBFC00CA80B5 /* Models */ = {
			isa = PBXGroup;
			children = (
			);
			path = Models;
			sourceTree = "<group>";
		};
		3DAA9DF51BF0CBFC00CA80B5 /* Views */ = {
			isa = PBXGroup;
			children = (
				3D5A78151BFD70D500C4B312 /* header.jpg */,
				3D94A4491BFC78F7002F6C03 /* RecordTopicViewCell.h */,
				3D94A44A1BFC78F7002F6C03 /* RecordTopicViewCell.m */,
				3D94A44B1BFC78F7002F6C03 /* RecordTopicViewCell.xib */,
				3D94A44E1BFC7DA4002F6C03 /* RecordingView.h */,
				3D94A44F1BFC7DA4002F6C03 /* RecordingView.m */,
				3D5A78171BFF259400C4B312 /* TestView.h */,
				3D5A78181BFF259400C4B312 /* TestView.m */,
				3DEDEC931C0319B400A28745 /* TTTopicLabel.h */,
				3DEDEC941C0319B400A28745 /* TTTopicLabel.m */,
			);
			path = Views;
			sourceTree = "<group>";
		};
		3DAA9E4F1BF333D900CA80B5 /* Services */ = {
			isa = PBXGroup;
			children = (
				3DAA9E501BF334F000CA80B5 /* TTImageManager.h */,
				3DAA9E511BF334F000CA80B5 /* TTImageManager.m */,
			);
			path = Services;
			sourceTree = "<group>";
		};
		AE497DF0FB0EF033CAF67F13 /* Frameworks */ = {
			isa = PBXGroup;
			children = (
				330B9F70EF74A67E50FA7A8A /* libPods-WilliamProject.a */,
			);
			name = Frameworks;
			sourceTree = "<group>";
		};
		B4D9021A3B883E3E3E63BC5A /* Pods */ = {
			isa = PBXGroup;
			children = (
				B658DFC561ED43211B9F22AC /* Pods-WilliamProject.debug.xcconfig */,
				F387D5FFFD48F6FB44614F8D /* Pods-WilliamProject.release.xcconfig */,
			);
			name = Pods;
			sourceTree = "<group>";
		};
/* End PBXGroup section */

/* Begin PBXNativeTarget section */
		3DAA9DA31BF09E5200CA80B5 /* WilliamProject */ = {
			isa = PBXNativeTarget;
			buildConfigurationList = 3DAA9DD11BF09E5200CA80B5 /* Build configuration list for PBXNativeTarget "WilliamProject" */;
			buildPhases = (
				9223BAF6E9C84CE0FEFC44CA /* Check Pods Manifest.lock */,
				3DAA9DA01BF09E5200CA80B5 /* Sources */,
				3DAA9DA11BF09E5200CA80B5 /* Frameworks */,
				3DAA9DA21BF09E5200CA80B5 /* Resources */,
				24C43389D131E08E12FBDC40 /* Embed Pods Frameworks */,
				76BA009884C6CC0A0FF075D1 /* Copy Pods Resources */,
			);
			buildRules = (
			);
			dependencies = (
			);
			name = WilliamProject;
			productName = WilliamProject;
			productReference = 3DAA9DA41BF09E5200CA80B5 /* WilliamProject.app */;
			productType = "com.apple.product-type.application";
		};
		3DAA9DBC1BF09E5200CA80B5 /* WilliamProjectTests */ = {
			isa = PBXNativeTarget;
			buildConfigurationList = 3DAA9DD41BF09E5200CA80B5 /* Build configuration list for PBXNativeTarget "WilliamProjectTests" */;
			buildPhases = (
				3DAA9DB91BF09E5200CA80B5 /* Sources */,
				3DAA9DBA1BF09E5200CA80B5 /* Frameworks */,
				3DAA9DBB1BF09E5200CA80B5 /* Resources */,
			);
			buildRules = (
			);
			dependencies = (
				3DAA9DBF1BF09E5200CA80B5 /* PBXTargetDependency */,
			);
			name = WilliamProjectTests;
			productName = WilliamProjectTests;
			productReference = 3DAA9DBD1BF09E5200CA80B5 /* WilliamProjectTests.xctest */;
			productType = "com.apple.product-type.bundle.unit-test";
		};
		3DAA9DC71BF09E5200CA80B5 /* WilliamProjectUITests */ = {
			isa = PBXNativeTarget;
			buildConfigurationList = 3DAA9DD71BF09E5200CA80B5 /* Build configuration list for PBXNativeTarget "WilliamProjectUITests" */;
			buildPhases = (
				3DAA9DC41BF09E5200CA80B5 /* Sources */,
				3DAA9DC51BF09E5200CA80B5 /* Frameworks */,
				3DAA9DC61BF09E5200CA80B5 /* Resources */,
			);
			buildRules = (
			);
			dependencies = (
				3DAA9DCA1BF09E5200CA80B5 /* PBXTargetDependency */,
			);
			name = WilliamProjectUITests;
			productName = WilliamProjectUITests;
			productReference = 3DAA9DC81BF09E5200CA80B5 /* WilliamProjectUITests.xctest */;
			productType = "com.apple.product-type.bundle.ui-testing";
		};
/* End PBXNativeTarget section */

/* Begin PBXProject section */
		3DAA9D9C1BF09E5100CA80B5 /* Project object */ = {
			isa = PBXProject;
			attributes = {
				LastUpgradeCheck = 0710;
				ORGANIZATIONNAME = WilliamChen;
				TargetAttributes = {
					3DAA9DA31BF09E5200CA80B5 = {
						CreatedOnToolsVersion = 7.1;
					};
					3DAA9DBC1BF09E5200CA80B5 = {
						CreatedOnToolsVersion = 7.1;
						TestTargetID = 3DAA9DA31BF09E5200CA80B5;
					};
					3DAA9DC71BF09E5200CA80B5 = {
						CreatedOnToolsVersion = 7.1;
						TestTargetID = 3DAA9DA31BF09E5200CA80B5;
					};
				};
			};
			buildConfigurationList = 3DAA9D9F1BF09E5100CA80B5 /* Build configuration list for PBXProject "WilliamProject" */;
			compatibilityVersion = "Xcode 3.2";
			developmentRegion = English;
			hasScannedForEncodings = 0;
			knownRegions = (
				en,
				Base,
				"zh-Hans",
			);
			mainGroup = 3DAA9D9B1BF09E5100CA80B5;
			productRefGroup = 3DAA9DA51BF09E5200CA80B5 /* Products */;
			projectDirPath = "";
			projectRoot = "";
			targets = (
				3DAA9DA31BF09E5200CA80B5 /* WilliamProject */,
				3DAA9DBC1BF09E5200CA80B5 /* WilliamProjectTests */,
				3DAA9DC71BF09E5200CA80B5 /* WilliamProjectUITests */,
			);
		};
/* End PBXProject section */

/* Begin PBXResourcesBuildPhase section */
		3DAA9DA21BF09E5200CA80B5 /* Resources */ = {
			isa = PBXResourcesBuildPhase;
			buildActionMask = 2147483647;
			files = (
				3D5A78251BFF40B900C4B312 /* Localizable.strings in Resources */,
				3D94A44D1BFC78F7002F6C03 /* RecordTopicViewCell.xib in Resources */,
				3D5A78161BFD70D500C4B312 /* header.jpg in Resources */,
				3D9656F31C147D980005CFB8 /* LaunchScreen.storyboard in Resources */,
				3D9656F11C1477780005CFB8 /* SizeClass.storyboard in Resources */,
				3D3B2DC11C0F290300D0D8B1 /* Assets.xcassets in Resources */,
			);
			runOnlyForDeploymentPostprocessing = 0;
		};
		3DAA9DBB1BF09E5200CA80B5 /* Resources */ = {
			isa = PBXResourcesBuildPhase;
			buildActionMask = 2147483647;
			files = (
			);
			runOnlyForDeploymentPostprocessing = 0;
		};
		3DAA9DC61BF09E5200CA80B5 /* Resources */ = {
			isa = PBXResourcesBuildPhase;
			buildActionMask = 2147483647;
			files = (
			);
			runOnlyForDeploymentPostprocessing = 0;
		};
/* End PBXResourcesBuildPhase section */

/* Begin PBXShellScriptBuildPhase section */
		24C43389D131E08E12FBDC40 /* Embed Pods Frameworks */ = {
			isa = PBXShellScriptBuildPhase;
			buildActionMask = 2147483647;
			files = (
			);
			inputPaths = (
			);
			name = "Embed Pods Frameworks";
			outputPaths = (
			);
			runOnlyForDeploymentPostprocessing = 0;
			shellPath = /bin/sh;
			shellScript = "\"${SRCROOT}/Pods/Target Support Files/Pods-WilliamProject/Pods-WilliamProject-frameworks.sh\"\n";
			showEnvVarsInLog = 0;
		};
		76BA009884C6CC0A0FF075D1 /* Copy Pods Resources */ = {
			isa = PBXShellScriptBuildPhase;
			buildActionMask = 2147483647;
			files = (
			);
			inputPaths = (
			);
			name = "Copy Pods Resources";
			outputPaths = (
			);
			runOnlyForDeploymentPostprocessing = 0;
			shellPath = /bin/sh;
			shellScript = "\"${SRCROOT}/Pods/Target Support Files/Pods-WilliamProject/Pods-WilliamProject-resources.sh\"\n";
			showEnvVarsInLog = 0;
		};
		9223BAF6E9C84CE0FEFC44CA /* Check Pods Manifest.lock */ = {
			isa = PBXShellScriptBuildPhase;
			buildActionMask = 2147483647;
			files = (
			);
			inputPaths = (
			);
			name = "Check Pods Manifest.lock";
			outputPaths = (
			);
			runOnlyForDeploymentPostprocessing = 0;
			shellPath = /bin/sh;
			shellScript = "diff \"${PODS_ROOT}/../Podfile.lock\" \"${PODS_ROOT}/Manifest.lock\" > /dev/null\nif [[ $? != 0 ]] ; then\n    cat << EOM\nerror: The sandbox is not in sync with the Podfile.lock. Run 'pod install' or update your CocoaPods installation.\nEOM\n    exit 1\nfi\n";
			showEnvVarsInLog = 0;
		};
/* End PBXShellScriptBuildPhase section */

/* Begin PBXSourcesBuildPhase section */
		3DAA9DA01BF09E5200CA80B5 /* Sources */ = {
			isa = PBXSourcesBuildPhase;
			buildActionMask = 2147483647;
			files = (
				3D7943941C42A7FA004C0518 /* M80AttributedLabel.m in Sources */,
				3D5A78191BFF259400C4B312 /* TestView.m in Sources */,
				3DAA9DF81BF210F900CA80B5 /* ForYouViewController.m in Sources */,
				3D94A4501BFC7DA4002F6C03 /* RecordingView.m in Sources */,
				3D7943951C42A7FA004C0518 /* M80AttributedLabelAttachment.m in Sources */,
				3DEE65861C731DDA00CC37E0 /* CustomAnimationTransition.m in Sources */,
				3DAA9E0A1BF2117300CA80B5 /* MyMusicViewController.m in Sources */,
				3DF7C65A1C85CF9E00FC355B /* ANewViewController.m in Sources */,
				3D8D96C91C293923003E48B1 /* NewsTestController.m in Sources */,
				3DAA9DE01BF0BFBC00CA80B5 /* RootTabBarController.m in Sources */,
				3D3F54051C08679000F57836 /* CustomSheetView.m in Sources */,
				3D7943971C42A7FA004C0518 /* NSMutableAttributedString+M80.m in Sources */,
				3D94A44C1BFC78F7002F6C03 /* RecordTopicViewCell.m in Sources */,
				3D7943961C42A7FA004C0518 /* M80AttributedLabelURL.m in Sources */,
				3DFE53BE1C07F26100D9725A /* TestViewController.m in Sources */,
				3D94A4441BFC549F002F6C03 /* UIView+LayoutMethods.m in Sources */,
				3DAA9DDD1BF0BF1200CA80B5 /* BaseViewController.m in Sources */,
				3DAA9E041BF2114700CA80B5 /* ConnectViewController.m in Sources */,
				3DAA9DAC1BF09E5200CA80B5 /* AppDelegate.m in Sources */,
				3DF7C6471C855F4900FC355B /* HeaderViewController.m in Sources */,
				3DDCC07E1C9A7FD3008010A3 /* NewsViewCell.m in Sources */,
				3D94A4431BFC549F002F6C03 /* UIView+AEBHandyAutoLayout.m in Sources */,
				3DAA9DA91BF09E5200CA80B5 /* main.m in Sources */,
				3DF7C65D1C85D12800FC355B /* FirstViewController.m in Sources */,
				3DEE65831C731D9E00CC37E0 /* CustomTransitionBController.m in Sources */,
				3DEDEC951C0319B400A28745 /* TTTopicLabel.m in Sources */,
				3DAA9E521BF334F000CA80B5 /* TTImageManager.m in Sources */,
				3D94A4481BFC7315002F6C03 /* PlaySlider.m in Sources */,
				3DAA9E011BF2113500CA80B5 /* RadioViewController.m in Sources */,
				3DAA9DFE1BF2112200CA80B5 /* NewViewController.m in Sources */,
				3DF7C6601C85D13500FC355B /* SecondViewController.m in Sources */,
				3D078DC61C4F2481008E8787 /* TTTTViewController.m in Sources */,
				3DEE65801C731D8900CC37E0 /* CustomTransitionAController.m in Sources */,
			);
			runOnlyForDeploymentPostprocessing = 0;
		};
		3DAA9DB91BF09E5200CA80B5 /* Sources */ = {
			isa = PBXSourcesBuildPhase;
			buildActionMask = 2147483647;
			files = (
				3DAA9DC21BF09E5200CA80B5 /* WilliamProjectTests.m in Sources */,
			);
			runOnlyForDeploymentPostprocessing = 0;
		};
		3DAA9DC41BF09E5200CA80B5 /* Sources */ = {
			isa = PBXSourcesBuildPhase;
			buildActionMask = 2147483647;
			files = (
				3DAA9DCD1BF09E5200CA80B5 /* WilliamProjectUITests.m in Sources */,
			);
			runOnlyForDeploymentPostprocessing = 0;
		};
/* End PBXSourcesBuildPhase section */

/* Begin PBXTargetDependency section */
		3DAA9DBF1BF09E5200CA80B5 /* PBXTargetDependency */ = {
			isa = PBXTargetDependency;
			target = 3DAA9DA31BF09E5200CA80B5 /* WilliamProject */;
			targetProxy = 3DAA9DBE1BF09E5200CA80B5 /* PBXContainerItemProxy */;
		};
		3DAA9DCA1BF09E5200CA80B5 /* PBXTargetDependency */ = {
			isa = PBXTargetDependency;
			target = 3DAA9DA31BF09E5200CA80B5 /* WilliamProject */;
			targetProxy = 3DAA9DC91BF09E5200CA80B5 /* PBXContainerItemProxy */;
		};
/* End PBXTargetDependency section */

/* Begin PBXVariantGroup section */
		3D5A78271BFF40B900C4B312 /* Localizable.strings */ = {
			isa = PBXVariantGroup;
			children = (
				3D5A78261BFF40B900C4B312 /* Base */,
				3D5A78281BFF40BB00C4B312 /* en */,
				3D5A78291BFF40BD00C4B312 /* zh-Hans */,
			);
			name = Localizable.strings;
			sourceTree = "<group>";
		};
/* End PBXVariantGroup section */

/* Begin XCBuildConfiguration section */
		3DAA9DCF1BF09E5200CA80B5 /* Debug */ = {
			isa = XCBuildConfiguration;
			buildSettings = {
				ALWAYS_SEARCH_USER_PATHS = NO;
				CLANG_CXX_LANGUAGE_STANDARD = "gnu++0x";
				CLANG_CXX_LIBRARY = "libc++";
				CLANG_ENABLE_MODULES = YES;
				CLANG_ENABLE_OBJC_ARC = YES;
				CLANG_WARN_BOOL_CONVERSION = YES;
				CLANG_WARN_CONSTANT_CONVERSION = YES;
				CLANG_WARN_DIRECT_OBJC_ISA_USAGE = YES_ERROR;
				CLANG_WARN_EMPTY_BODY = YES;
				CLANG_WARN_ENUM_CONVERSION = YES;
				CLANG_WARN_INT_CONVERSION = YES;
				CLANG_WARN_OBJC_ROOT_CLASS = YES_ERROR;
				CLANG_WARN_UNREACHABLE_CODE = YES;
				CLANG_WARN__DUPLICATE_METHOD_MATCH = YES;
				"CODE_SIGN_IDENTITY[sdk=iphoneos*]" = "iPhone Developer";
				COPY_PHASE_STRIP = NO;
				DEBUG_INFORMATION_FORMAT = dwarf;
				ENABLE_STRICT_OBJC_MSGSEND = YES;
				ENABLE_TESTABILITY = YES;
				GCC_C_LANGUAGE_STANDARD = gnu99;
				GCC_DYNAMIC_NO_PIC = NO;
				GCC_NO_COMMON_BLOCKS = YES;
				GCC_OPTIMIZATION_LEVEL = 0;
				GCC_PREPROCESSOR_DEFINITIONS = (
					"DEBUG=1",
					"$(inherited)",
				);
				GCC_WARN_64_TO_32_BIT_CONVERSION = YES;
				GCC_WARN_ABOUT_RETURN_TYPE = YES_ERROR;
				GCC_WARN_UNDECLARED_SELECTOR = YES;
				GCC_WARN_UNINITIALIZED_AUTOS = YES_AGGRESSIVE;
				GCC_WARN_UNUSED_FUNCTION = YES;
				GCC_WARN_UNUSED_VARIABLE = YES;
				IPHONEOS_DEPLOYMENT_TARGET = 9.1;
				MTL_ENABLE_DEBUG_INFO = YES;
				ONLY_ACTIVE_ARCH = YES;
				SDKROOT = iphoneos;
			};
			name = Debug;
		};
		3DAA9DD01BF09E5200CA80B5 /* Release */ = {
			isa = XCBuildConfiguration;
			buildSettings = {
				ALWAYS_SEARCH_USER_PATHS = NO;
				CLANG_CXX_LANGUAGE_STANDARD = "gnu++0x";
				CLANG_CXX_LIBRARY = "libc++";
				CLANG_ENABLE_MODULES = YES;
				CLANG_ENABLE_OBJC_ARC = YES;
				CLANG_WARN_BOOL_CONVERSION = YES;
				CLANG_WARN_CONSTANT_CONVERSION = YES;
				CLANG_WARN_DIRECT_OBJC_ISA_USAGE = YES_ERROR;
				CLANG_WARN_EMPTY_BODY = YES;
				CLANG_WARN_ENUM_CONVERSION = YES;
				CLANG_WARN_INT_CONVERSION = YES;
				CLANG_WARN_OBJC_ROOT_CLASS = YES_ERROR;
				CLANG_WARN_UNREACHABLE_CODE = YES;
				CLANG_WARN__DUPLICATE_METHOD_MATCH = YES;
				"CODE_SIGN_IDENTITY[sdk=iphoneos*]" = "iPhone Developer";
				COPY_PHASE_STRIP = NO;
				DEBUG_INFORMATION_FORMAT = "dwarf-with-dsym";
				ENABLE_NS_ASSERTIONS = NO;
				ENABLE_STRICT_OBJC_MSGSEND = YES;
				GCC_C_LANGUAGE_STANDARD = gnu99;
				GCC_NO_COMMON_BLOCKS = YES;
				GCC_WARN_64_TO_32_BIT_CONVERSION = YES;
				GCC_WARN_ABOUT_RETURN_TYPE = YES_ERROR;
				GCC_WARN_UNDECLARED_SELECTOR = YES;
				GCC_WARN_UNINITIALIZED_AUTOS = YES_AGGRESSIVE;
				GCC_WARN_UNUSED_FUNCTION = YES;
				GCC_WARN_UNUSED_VARIABLE = YES;
				IPHONEOS_DEPLOYMENT_TARGET = 9.1;
				MTL_ENABLE_DEBUG_INFO = NO;
				SDKROOT = iphoneos;
				VALIDATE_PRODUCT = YES;
			};
			name = Release;
		};
		3DAA9DD21BF09E5200CA80B5 /* Debug */ = {
			isa = XCBuildConfiguration;
			baseConfigurationReference = B658DFC561ED43211B9F22AC /* Pods-WilliamProject.debug.xcconfig */;
			buildSettings = {
				ASSETCATALOG_COMPILER_APPICON_NAME = AppIcon;
				ASSETCATALOG_COMPILER_LAUNCHIMAGE_NAME = LaunchImage;
				"CODE_SIGN_IDENTITY[sdk=iphoneos*]" = "iPhone Developer: wen yu (Z63BVBV3Y2)";
				GCC_PRECOMPILE_PREFIX_HEADER = YES;
				GCC_PREFIX_HEADER = "$(SRCROOT)/WilliamProject/PrefixHeader.pch";
				INFOPLIST_FILE = WilliamProject/Info.plist;
				IPHONEOS_DEPLOYMENT_TARGET = 7.0;
				LD_RUNPATH_SEARCH_PATHS = "$(inherited) @executable_path/Frameworks";
				PRODUCT_BUNDLE_IDENTIFIER = com.BlueMobi.WilliamProject;
				PRODUCT_NAME = "$(TARGET_NAME)";
				PROVISIONING_PROFILE = "b2f67beb-b217-486e-a948-b145e7a22ca0";
			};
			name = Debug;
		};
		3DAA9DD31BF09E5200CA80B5 /* Release */ = {
			isa = XCBuildConfiguration;
			baseConfigurationReference = F387D5FFFD48F6FB44614F8D /* Pods-WilliamProject.release.xcconfig */;
			buildSettings = {
				ASSETCATALOG_COMPILER_APPICON_NAME = AppIcon;
				ASSETCATALOG_COMPILER_LAUNCHIMAGE_NAME = LaunchImage;
				"CODE_SIGN_IDENTITY[sdk=iphoneos*]" = "iPhone Developer: wen yu (Z63BVBV3Y2)";
				GCC_PRECOMPILE_PREFIX_HEADER = YES;
				GCC_PREFIX_HEADER = "$(SRCROOT)/WilliamProject/PrefixHeader.pch";
				INFOPLIST_FILE = WilliamProject/Info.plist;
				IPHONEOS_DEPLOYMENT_TARGET = 7.0;
				LD_RUNPATH_SEARCH_PATHS = "$(inherited) @executable_path/Frameworks";
				PRODUCT_BUNDLE_IDENTIFIER = com.BlueMobi.WilliamProject;
				PRODUCT_NAME = "$(TARGET_NAME)";
				PROVISIONING_PROFILE = "b2f67beb-b217-486e-a948-b145e7a22ca0";
			};
			name = Release;
		};
		3DAA9DD51BF09E5200CA80B5 /* Debug */ = {
			isa = XCBuildConfiguration;
			buildSettings = {
				BUNDLE_LOADER = "$(TEST_HOST)";
				INFOPLIST_FILE = WilliamProjectTests/Info.plist;
				LD_RUNPATH_SEARCH_PATHS = "$(inherited) @executable_path/Frameworks @loader_path/Frameworks";
				PRODUCT_BUNDLE_IDENTIFIER = com.BlueMobi.WilliamProjectTests;
				PRODUCT_NAME = "$(TARGET_NAME)";
				TEST_HOST = "$(BUILT_PRODUCTS_DIR)/WilliamProject.app/WilliamProject";
			};
			name = Debug;
		};
		3DAA9DD61BF09E5200CA80B5 /* Release */ = {
			isa = XCBuildConfiguration;
			buildSettings = {
				BUNDLE_LOADER = "$(TEST_HOST)";
				INFOPLIST_FILE = WilliamProjectTests/Info.plist;
				LD_RUNPATH_SEARCH_PATHS = "$(inherited) @executable_path/Frameworks @loader_path/Frameworks";
				PRODUCT_BUNDLE_IDENTIFIER = com.BlueMobi.WilliamProjectTests;
				PRODUCT_NAME = "$(TARGET_NAME)";
				TEST_HOST = "$(BUILT_PRODUCTS_DIR)/WilliamProject.app/WilliamProject";
			};
			name = Release;
		};
		3DAA9DD81BF09E5200CA80B5 /* Debug */ = {
			isa = XCBuildConfiguration;
			buildSettings = {
				INFOPLIST_FILE = WilliamProjectUITests/Info.plist;
				LD_RUNPATH_SEARCH_PATHS = "$(inherited) @executable_path/Frameworks @loader_path/Frameworks";
				PRODUCT_BUNDLE_IDENTIFIER = com.BlueMobi.WilliamProjectUITests;
				PRODUCT_NAME = "$(TARGET_NAME)";
				TEST_TARGET_NAME = WilliamProject;
				USES_XCTRUNNER = YES;
			};
			name = Debug;
		};
		3DAA9DD91BF09E5200CA80B5 /* Release */ = {
			isa = XCBuildConfiguration;
			buildSettings = {
				INFOPLIST_FILE = WilliamProjectUITests/Info.plist;
				LD_RUNPATH_SEARCH_PATHS = "$(inherited) @executable_path/Frameworks @loader_path/Frameworks";
				PRODUCT_BUNDLE_IDENTIFIER = com.BlueMobi.WilliamProjectUITests;
				PRODUCT_NAME = "$(TARGET_NAME)";
				TEST_TARGET_NAME = WilliamProject;
				USES_XCTRUNNER = YES;
			};
			name = Release;
		};
/* End XCBuildConfiguration section */

/* Begin XCConfigurationList section */
		3DAA9D9F1BF09E5100CA80B5 /* Build configuration list for PBXProject "WilliamProject" */ = {
			isa = XCConfigurationList;
			buildConfigurations = (
				3DAA9DCF1BF09E5200CA80B5 /* Debug */,
				3DAA9DD01BF09E5200CA80B5 /* Release */,
			);
			defaultConfigurationIsVisible = 0;
			defaultConfigurationName = Release;
		};
		3DAA9DD11BF09E5200CA80B5 /* Build configuration list for PBXNativeTarget "WilliamProject" */ = {
			isa = XCConfigurationList;
			buildConfigurations = (
				3DAA9DD21BF09E5200CA80B5 /* Debug */,
				3DAA9DD31BF09E5200CA80B5 /* Release */,
			);
			defaultConfigurationIsVisible = 0;
			defaultConfigurationName = Release;
		};
		3DAA9DD41BF09E5200CA80B5 /* Build configuration list for PBXNativeTarget "WilliamProjectTests" */ = {
			isa = XCConfigurationList;
			buildConfigurations = (
				3DAA9DD51BF09E5200CA80B5 /* Debug */,
				3DAA9DD61BF09E5200CA80B5 /* Release */,
			);
			defaultConfigurationIsVisible = 0;
			defaultConfigurationName = Release;
		};
		3DAA9DD71BF09E5200CA80B5 /* Build configuration list for PBXNativeTarget "WilliamProjectUITests" */ = {
			isa = XCConfigurationList;
			buildConfigurations = (
				3DAA9DD81BF09E5200CA80B5 /* Debug */,
				3DAA9DD91BF09E5200CA80B5 /* Release */,
			);
			defaultConfigurationIsVisible = 0;
			defaultConfigurationName = Release;
		};
/* End XCConfigurationList section */
	};
	rootObject = 3DAA9D9C1BF09E5100CA80B5 /* Project object */;
}
