// !$*UTF8*$!
{
	archiveVersion = 1;
	classes = {
	};
	objectVersion = 46;
	objects = {

/* Begin PBXBuildFile section */
		3D3B2DC11C0F290300D0D8B1 /* Assets.xcassets in Resources */ = {isa = PBXBuildFile; fileRef = 3D3B2DC01C0F290300D0D8B1 /* Assets.xcassets */; };
		3D4307681D0CF9E0004F71C8 /* PhotoBrowserTransition.m in Sources */ = {isa = PBXBuildFile; fileRef = 3D4307671D0CF9E0004F71C8 /* PhotoBrowserTransition.m */; };
		3D43076E1D0E9E72004F71C8 /* CopyableLabel.m in Sources */ = {isa = PBXBuildFile; fileRef = 3D43076D1D0E9E72004F71C8 /* CopyableLabel.m */; };
		3D4816111D0FDED200AE124A /* SystemConfiguration.framework in Frameworks */ = {isa = PBXBuildFile; fileRef = 3D4816101D0FDED200AE124A /* SystemConfiguration.framework */; };
		3D4816621D0FE5A900AE124A /* UIView+AEBHandyAutoLayout.m in Sources */ = {isa = PBXBuildFile; fileRef = 3D4816401D0FE5A900AE124A /* UIView+AEBHandyAutoLayout.m */; };
		3D4816631D0FE5A900AE124A /* UIView+LayoutMethods.m in Sources */ = {isa = PBXBuildFile; fileRef = 3D4816421D0FE5A900AE124A /* UIView+LayoutMethods.m */; };
		3D4819131D1177E300AE124A /* UIImage+TintColor.m in Sources */ = {isa = PBXBuildFile; fileRef = 3D4819121D1177E300AE124A /* UIImage+TintColor.m */; };
		3D5A78251BFF40B900C4B312 /* Localizable.strings in Resources */ = {isa = PBXBuildFile; fileRef = 3D5A78271BFF40B900C4B312 /* Localizable.strings */; };
		3D5B5ED91CB3AC0B007999DF /* TopicVideoPlayerControlView.m in Sources */ = {isa = PBXBuildFile; fileRef = 3D5B5ED81CB3AC0B007999DF /* TopicVideoPlayerControlView.m */; };
		3D6579691D58896100A9C4BA /* TextPic.jpg in Resources */ = {isa = PBXBuildFile; fileRef = 3D6579681D58896100A9C4BA /* TextPic.jpg */; };
		3D65796B1D58896A00A9C4BA /* TextPic@2x.jpg in Resources */ = {isa = PBXBuildFile; fileRef = 3D65796A1D58896A00A9C4BA /* TextPic@2x.jpg */; };
		3D6579731D59709400A9C4BA /* PECropRectView.m in Sources */ = {isa = PBXBuildFile; fileRef = 3D65796E1D59709400A9C4BA /* PECropRectView.m */; };
		3D6579741D59709400A9C4BA /* PECropView.m in Sources */ = {isa = PBXBuildFile; fileRef = 3D6579701D59709400A9C4BA /* PECropView.m */; };
		3D6579751D59709400A9C4BA /* PEResizeControl.m in Sources */ = {isa = PBXBuildFile; fileRef = 3D6579721D59709400A9C4BA /* PEResizeControl.m */; };
		3D741F571D07E3F900F9C743 /* TransitionAlphaAnimator.m in Sources */ = {isa = PBXBuildFile; fileRef = 3D741F561D07E3F900F9C743 /* TransitionAlphaAnimator.m */; };
		3D8A910D1D71AC2200AF312F /* CustomTextAttachment.m in Sources */ = {isa = PBXBuildFile; fileRef = 3D8A910C1D71AC2200AF312F /* CustomTextAttachment.m */; };
		3D8B231B1D1C14880099E6B4 /* RadioTableViewCell.m in Sources */ = {isa = PBXBuildFile; fileRef = 3D8B231A1D1C14880099E6B4 /* RadioTableViewCell.m */; };
		3D94A4481BFC7315002F6C03 /* PlaySlider.m in Sources */ = {isa = PBXBuildFile; fileRef = 3D94A4471BFC7315002F6C03 /* PlaySlider.m */; };
		3D94A4501BFC7DA4002F6C03 /* RecordingView.m in Sources */ = {isa = PBXBuildFile; fileRef = 3D94A44F1BFC7DA4002F6C03 /* RecordingView.m */; };
		3D9656F11C1477780005CFB8 /* SizeClass.storyboard in Resources */ = {isa = PBXBuildFile; fileRef = 3D9656F01C1477780005CFB8 /* SizeClass.storyboard */; };
		3D9656F31C147D980005CFB8 /* LaunchScreen.storyboard in Resources */ = {isa = PBXBuildFile; fileRef = 3D9656F21C147D980005CFB8 /* LaunchScreen.storyboard */; };
		3DAA9DA91BF09E5200CA80B5 /* main.m in Sources */ = {isa = PBXBuildFile; fileRef = 3DAA9DA81BF09E5200CA80B5 /* main.m */; };
		3DAA9DAC1BF09E5200CA80B5 /* AppDelegate.m in Sources */ = {isa = PBXBuildFile; fileRef = 3DAA9DAB1BF09E5200CA80B5 /* AppDelegate.m */; };
		3DAA9DC21BF09E5200CA80B5 /* WilliamProjectTests.m in Sources */ = {isa = PBXBuildFile; fileRef = 3DAA9DC11BF09E5200CA80B5 /* WilliamProjectTests.m */; };
		3DAA9DCD1BF09E5200CA80B5 /* WilliamProjectUITests.m in Sources */ = {isa = PBXBuildFile; fileRef = 3DAA9DCC1BF09E5200CA80B5 /* WilliamProjectUITests.m */; };
		3DAA9DDD1BF0BF1200CA80B5 /* BaseViewController.m in Sources */ = {isa = PBXBuildFile; fileRef = 3DAA9DDC1BF0BF1200CA80B5 /* BaseViewController.m */; };
		3DAA9DE01BF0BFBC00CA80B5 /* RootTabBarController.m in Sources */ = {isa = PBXBuildFile; fileRef = 3DAA9DDF1BF0BFBC00CA80B5 /* RootTabBarController.m */; };
		3DAA9DF81BF210F900CA80B5 /* ForYouViewController.m in Sources */ = {isa = PBXBuildFile; fileRef = 3DAA9DF71BF210F900CA80B5 /* ForYouViewController.m */; };
		3DAA9DFE1BF2112200CA80B5 /* NewViewController.m in Sources */ = {isa = PBXBuildFile; fileRef = 3DAA9DFD1BF2112200CA80B5 /* NewViewController.m */; };
		3DAA9E011BF2113500CA80B5 /* RadioViewController.m in Sources */ = {isa = PBXBuildFile; fileRef = 3DAA9E001BF2113500CA80B5 /* RadioViewController.m */; };
		3DAA9E041BF2114700CA80B5 /* ConnectViewController.m in Sources */ = {isa = PBXBuildFile; fileRef = 3DAA9E031BF2114700CA80B5 /* ConnectViewController.m */; };
		3DAA9E0A1BF2117300CA80B5 /* MyMusicViewController.m in Sources */ = {isa = PBXBuildFile; fileRef = 3DAA9E091BF2117300CA80B5 /* MyMusicViewController.m */; };
		3DC44DB71CAB82620026D9F6 /* BaseNavigationController.m in Sources */ = {isa = PBXBuildFile; fileRef = 3DC44DB61CAB82620026D9F6 /* BaseNavigationController.m */; };
		3DCC19E31CA9041F006B0B32 /* NewsTestController.m in Sources */ = {isa = PBXBuildFile; fileRef = 3DCC19E21CA9041F006B0B32 /* NewsTestController.m */; };
		3DD8911D1CEDB60000BA94E8 /* AppDelegate+Helper.m in Sources */ = {isa = PBXBuildFile; fileRef = 3DD8911C1CEDB60000BA94E8 /* AppDelegate+Helper.m */; };
		3DE3FD011CFC08A0003EA02E /* MasonryViewController.m in Sources */ = {isa = PBXBuildFile; fileRef = 3DE3FD001CFC08A0003EA02E /* MasonryViewController.m */; };
		3DE3FD041CFC08E2003EA02E /* BaseMasonryView.m in Sources */ = {isa = PBXBuildFile; fileRef = 3DE3FD031CFC08E2003EA02E /* BaseMasonryView.m */; };
		3DEE65801C731D8900CC37E0 /* CustomTransitionAController.m in Sources */ = {isa = PBXBuildFile; fileRef = 3DEE657F1C731D8900CC37E0 /* CustomTransitionAController.m */; };
		3DEE65831C731D9E00CC37E0 /* CustomTransitionBController.m in Sources */ = {isa = PBXBuildFile; fileRef = 3DEE65821C731D9E00CC37E0 /* CustomTransitionBController.m */; };
		3DEE65861C731DDA00CC37E0 /* CustomAnimationTransition.m in Sources */ = {isa = PBXBuildFile; fileRef = 3DEE65851C731DDA00CC37E0 /* CustomAnimationTransition.m */; };
		3DF408B11CEB1587009840E4 /* LayersViewController.m in Sources */ = {isa = PBXBuildFile; fileRef = 3DF408AC1CEB1587009840E4 /* LayersViewController.m */; settings = {COMPILER_FLAGS = "-fno-objc-arc"; }; };
		3DF408B21CEB1587009840E4 /* AITransformView.m in Sources */ = {isa = PBXBuildFile; fileRef = 3DF408AE1CEB1587009840E4 /* AITransformView.m */; settings = {COMPILER_FLAGS = "-fno-objc-arc"; }; };
		3DF408B31CEB1587009840E4 /* Trackball.m in Sources */ = {isa = PBXBuildFile; fileRef = 3DF408B01CEB1587009840E4 /* Trackball.m */; settings = {COMPILER_FLAGS = "-fno-objc-arc"; }; };
		CF766D8CCCDBCC543085BC95 /* libPods-WilliamProject.a in Frameworks */ = {isa = PBXBuildFile; fileRef = 330B9F70EF74A67E50FA7A8A /* libPods-WilliamProject.a */; };
/* End PBXBuildFile section */

/* Begin PBXContainerItemProxy section */
		3DAA9DBE1BF09E5200CA80B5 /* PBXContainerItemProxy */ = {
			isa = PBXContainerItemProxy;
			containerPortal = 3DAA9D9C1BF09E5100CA80B5 /* Project object */;
			proxyType = 1;
			remoteGlobalIDString = 3DAA9DA31BF09E5200CA80B5;
			remoteInfo = WilliamProject;
		};
		3DAA9DC91BF09E5200CA80B5 /* PBXContainerItemProxy */ = {
			isa = PBXContainerItemProxy;
			containerPortal = 3DAA9D9C1BF09E5100CA80B5 /* Project object */;
			proxyType = 1;
			remoteGlobalIDString = 3DAA9DA31BF09E5200CA80B5;
			remoteInfo = WilliamProject;
		};
/* End PBXContainerItemProxy section */

/* Begin PBXCopyFilesBuildPhase section */
		3D6CDD011CDAF7CB00885595 /* Embed Watch Content */ = {
			isa = PBXCopyFilesBuildPhase;
			buildActionMask = 2147483647;
			dstPath = "$(CONTENTS_FOLDER_PATH)/Watch";
			dstSubfolderSpec = 16;
			files = (
			);
			name = "Embed Watch Content";
			runOnlyForDeploymentPostprocessing = 0;
		};
/* End PBXCopyFilesBuildPhase section */

/* Begin PBXFileReference section */
		330B9F70EF74A67E50FA7A8A /* libPods-WilliamProject.a */ = {isa = PBXFileReference; explicitFileType = archive.ar; includeInIndex = 0; path = "libPods-WilliamProject.a"; sourceTree = BUILT_PRODUCTS_DIR; };
		3D3B2DC01C0F290300D0D8B1 /* Assets.xcassets */ = {isa = PBXFileReference; lastKnownFileType = folder.assetcatalog; path = Assets.xcassets; sourceTree = "<group>"; };
		3D4307661D0CF9E0004F71C8 /* PhotoBrowserTransition.h */ = {isa = PBXFileReference; fileEncoding = 4; lastKnownFileType = sourcecode.c.h; path = PhotoBrowserTransition.h; sourceTree = "<group>"; };
		3D4307671D0CF9E0004F71C8 /* PhotoBrowserTransition.m */ = {isa = PBXFileReference; fileEncoding = 4; lastKnownFileType = sourcecode.c.objc; path = PhotoBrowserTransition.m; sourceTree = "<group>"; };
		3D43076C1D0E9E72004F71C8 /* CopyableLabel.h */ = {isa = PBXFileReference; fileEncoding = 4; lastKnownFileType = sourcecode.c.h; path = CopyableLabel.h; sourceTree = "<group>"; };
		3D43076D1D0E9E72004F71C8 /* CopyableLabel.m */ = {isa = PBXFileReference; fileEncoding = 4; lastKnownFileType = sourcecode.c.objc; path = CopyableLabel.m; sourceTree = "<group>"; };
		3D4816101D0FDED200AE124A /* SystemConfiguration.framework */ = {isa = PBXFileReference; lastKnownFileType = wrapper.framework; name = SystemConfiguration.framework; path = System/Library/Frameworks/SystemConfiguration.framework; sourceTree = SDKROOT; };
		3D4816121D0FDEF500AE124A /* libc++.tbd */ = {isa = PBXFileReference; lastKnownFileType = "sourcecode.text-based-dylib-definition"; name = "libc++.tbd"; path = "usr/lib/libc++.tbd"; sourceTree = SDKROOT; };
		3D48163F1D0FE5A900AE124A /* UIView+AEBHandyAutoLayout.h */ = {isa = PBXFileReference; fileEncoding = 4; lastKnownFileType = sourcecode.c.h; path = "UIView+AEBHandyAutoLayout.h"; sourceTree = "<group>"; };
		3D4816401D0FE5A900AE124A /* UIView+AEBHandyAutoLayout.m */ = {isa = PBXFileReference; fileEncoding = 4; lastKnownFileType = sourcecode.c.objc; path = "UIView+AEBHandyAutoLayout.m"; sourceTree = "<group>"; };
		3D4816411D0FE5A900AE124A /* UIView+LayoutMethods.h */ = {isa = PBXFileReference; fileEncoding = 4; lastKnownFileType = sourcecode.c.h; path = "UIView+LayoutMethods.h"; sourceTree = "<group>"; };
		3D4816421D0FE5A900AE124A /* UIView+LayoutMethods.m */ = {isa = PBXFileReference; fileEncoding = 4; lastKnownFileType = sourcecode.c.objc; path = "UIView+LayoutMethods.m"; sourceTree = "<group>"; };
		3D4819111D1177E300AE124A /* UIImage+TintColor.h */ = {isa = PBXFileReference; fileEncoding = 4; lastKnownFileType = sourcecode.c.h; path = "UIImage+TintColor.h"; sourceTree = "<group>"; };
		3D4819121D1177E300AE124A /* UIImage+TintColor.m */ = {isa = PBXFileReference; fileEncoding = 4; lastKnownFileType = sourcecode.c.objc; path = "UIImage+TintColor.m"; sourceTree = "<group>"; };
		3D5A78261BFF40B900C4B312 /* Base */ = {isa = PBXFileReference; lastKnownFileType = text.plist.strings; name = Base; path = Base.lproj/Localizable.strings; sourceTree = "<group>"; };
		3D5A78281BFF40BB00C4B312 /* en */ = {isa = PBXFileReference; lastKnownFileType = text.plist.strings; name = en; path = en.lproj/Localizable.strings; sourceTree = "<group>"; };
		3D5A78291BFF40BD00C4B312 /* zh-Hans */ = {isa = PBXFileReference; lastKnownFileType = text.plist.strings; name = "zh-Hans"; path = "zh-Hans.lproj/Localizable.strings"; sourceTree = "<group>"; };
		3D5B5ED71CB3AC0B007999DF /* TopicVideoPlayerControlView.h */ = {isa = PBXFileReference; fileEncoding = 4; lastKnownFileType = sourcecode.c.h; path = TopicVideoPlayerControlView.h; sourceTree = "<group>"; };
		3D5B5ED81CB3AC0B007999DF /* TopicVideoPlayerControlView.m */ = {isa = PBXFileReference; fileEncoding = 4; lastKnownFileType = sourcecode.c.objc; path = TopicVideoPlayerControlView.m; sourceTree = "<group>"; };
		3D6579681D58896100A9C4BA /* TextPic.jpg */ = {isa = PBXFileReference; lastKnownFileType = image.jpeg; name = TextPic.jpg; path = Assets.xcassets/test_image.imageset/TextPic.jpg; sourceTree = "<group>"; };
		3D65796A1D58896A00A9C4BA /* TextPic@2x.jpg */ = {isa = PBXFileReference; lastKnownFileType = image.jpeg; name = "TextPic@2x.jpg"; path = "Assets.xcassets/test_image.imageset/TextPic@2x.jpg"; sourceTree = "<group>"; };
		3D65796D1D59709400A9C4BA /* PECropRectView.h */ = {isa = PBXFileReference; fileEncoding = 4; lastKnownFileType = sourcecode.c.h; path = PECropRectView.h; sourceTree = "<group>"; };
		3D65796E1D59709400A9C4BA /* PECropRectView.m */ = {isa = PBXFileReference; fileEncoding = 4; lastKnownFileType = sourcecode.c.objc; path = PECropRectView.m; sourceTree = "<group>"; };
		3D65796F1D59709400A9C4BA /* PECropView.h */ = {isa = PBXFileReference; fileEncoding = 4; lastKnownFileType = sourcecode.c.h; path = PECropView.h; sourceTree = "<group>"; };
		3D6579701D59709400A9C4BA /* PECropView.m */ = {isa = PBXFileReference; fileEncoding = 4; lastKnownFileType = sourcecode.c.objc; path = PECropView.m; sourceTree = "<group>"; };
		3D6579711D59709400A9C4BA /* PEResizeControl.h */ = {isa = PBXFileReference; fileEncoding = 4; lastKnownFileType = sourcecode.c.h; path = PEResizeControl.h; sourceTree = "<group>"; };
		3D6579721D59709400A9C4BA /* PEResizeControl.m */ = {isa = PBXFileReference; fileEncoding = 4; lastKnownFileType = sourcecode.c.objc; path = PEResizeControl.m; sourceTree = "<group>"; };
		3D6CDCE81CDAF7CB00885595 /* Base */ = {isa = PBXFileReference; lastKnownFileType = file.storyboard; name = Base; path = Base.lproj/Interface.storyboard; sourceTree = "<group>"; };
		3D6CDCEA1CDAF7CB00885595 /* Assets.xcassets */ = {isa = PBXFileReference; lastKnownFileType = folder.assetcatalog; path = Assets.xcassets; sourceTree = "<group>"; };
		3D6CDCEC1CDAF7CB00885595 /* Info.plist */ = {isa = PBXFileReference; lastKnownFileType = text.plist.xml; path = Info.plist; sourceTree = "<group>"; };
		3D6CDCF61CDAF7CB00885595 /* InterfaceController.h */ = {isa = PBXFileReference; lastKnownFileType = sourcecode.c.h; path = InterfaceController.h; sourceTree = "<group>"; };
		3D6CDCF71CDAF7CB00885595 /* InterfaceController.m */ = {isa = PBXFileReference; lastKnownFileType = sourcecode.c.objc; path = InterfaceController.m; sourceTree = "<group>"; };
		3D6CDCF91CDAF7CB00885595 /* ExtensionDelegate.h */ = {isa = PBXFileReference; lastKnownFileType = sourcecode.c.h; path = ExtensionDelegate.h; sourceTree = "<group>"; };
		3D6CDCFA1CDAF7CB00885595 /* ExtensionDelegate.m */ = {isa = PBXFileReference; lastKnownFileType = sourcecode.c.objc; path = ExtensionDelegate.m; sourceTree = "<group>"; };
		3D6CDCFC1CDAF7CB00885595 /* Assets.xcassets */ = {isa = PBXFileReference; lastKnownFileType = folder.assetcatalog; path = Assets.xcassets; sourceTree = "<group>"; };
		3D6CDCFE1CDAF7CB00885595 /* Info.plist */ = {isa = PBXFileReference; lastKnownFileType = text.plist.xml; path = Info.plist; sourceTree = "<group>"; };
		3D73B2EE1CDB0CE000B5507E /* MyTableRowController.h */ = {isa = PBXFileReference; fileEncoding = 4; lastKnownFileType = sourcecode.c.h; path = MyTableRowController.h; sourceTree = "<group>"; };
		3D73B2EF1CDB0CE000B5507E /* MyTableRowController.m */ = {isa = PBXFileReference; fileEncoding = 4; lastKnownFileType = sourcecode.c.objc; path = MyTableRowController.m; sourceTree = "<group>"; };
		3D741F551D07E3F900F9C743 /* TransitionAlphaAnimator.h */ = {isa = PBXFileReference; fileEncoding = 4; lastKnownFileType = sourcecode.c.h; path = TransitionAlphaAnimator.h; sourceTree = "<group>"; };
		3D741F561D07E3F900F9C743 /* TransitionAlphaAnimator.m */ = {isa = PBXFileReference; fileEncoding = 4; lastKnownFileType = sourcecode.c.objc; path = TransitionAlphaAnimator.m; sourceTree = "<group>"; };
		3D8A910B1D71AC2200AF312F /* CustomTextAttachment.h */ = {isa = PBXFileReference; fileEncoding = 4; lastKnownFileType = sourcecode.c.h; path = CustomTextAttachment.h; sourceTree = "<group>"; };
		3D8A910C1D71AC2200AF312F /* CustomTextAttachment.m */ = {isa = PBXFileReference; fileEncoding = 4; lastKnownFileType = sourcecode.c.objc; path = CustomTextAttachment.m; sourceTree = "<group>"; };
		3D8B23191D1C14880099E6B4 /* RadioTableViewCell.h */ = {isa = PBXFileReference; fileEncoding = 4; lastKnownFileType = sourcecode.c.h; path = RadioTableViewCell.h; sourceTree = "<group>"; };
		3D8B231A1D1C14880099E6B4 /* RadioTableViewCell.m */ = {isa = PBXFileReference; fileEncoding = 4; lastKnownFileType = sourcecode.c.objc; path = RadioTableViewCell.m; sourceTree = "<group>"; };
		3D94A4451BFC5684002F6C03 /* PrefixHeader.pch */ = {isa = PBXFileReference; lastKnownFileType = sourcecode.c.h; path = PrefixHeader.pch; sourceTree = "<group>"; };
		3D94A4461BFC7315002F6C03 /* PlaySlider.h */ = {isa = PBXFileReference; fileEncoding = 4; lastKnownFileType = sourcecode.c.h; path = PlaySlider.h; sourceTree = "<group>"; };
		3D94A4471BFC7315002F6C03 /* PlaySlider.m */ = {isa = PBXFileReference; fileEncoding = 4; lastKnownFileType = sourcecode.c.objc; path = PlaySlider.m; sourceTree = "<group>"; };
		3D94A44E1BFC7DA4002F6C03 /* RecordingView.h */ = {isa = PBXFileReference; fileEncoding = 4; lastKnownFileType = sourcecode.c.h; path = RecordingView.h; sourceTree = "<group>"; };
		3D94A44F1BFC7DA4002F6C03 /* RecordingView.m */ = {isa = PBXFileReference; fileEncoding = 4; lastKnownFileType = sourcecode.c.objc; path = RecordingView.m; sourceTree = "<group>"; };
		3D9656F01C1477780005CFB8 /* SizeClass.storyboard */ = {isa = PBXFileReference; fileEncoding = 4; lastKnownFileType = file.storyboard; path = SizeClass.storyboard; sourceTree = "<group>"; };
		3D9656F21C147D980005CFB8 /* LaunchScreen.storyboard */ = {isa = PBXFileReference; fileEncoding = 4; lastKnownFileType = file.storyboard; path = LaunchScreen.storyboard; sourceTree = "<group>"; };
		3DAA9DA41BF09E5200CA80B5 /* WilliamProject.app */ = {isa = PBXFileReference; explicitFileType = wrapper.application; includeInIndex = 0; path = WilliamProject.app; sourceTree = BUILT_PRODUCTS_DIR; };
		3DAA9DA81BF09E5200CA80B5 /* main.m */ = {isa = PBXFileReference; lastKnownFileType = sourcecode.c.objc; path = main.m; sourceTree = "<group>"; };
		3DAA9DAA1BF09E5200CA80B5 /* AppDelegate.h */ = {isa = PBXFileReference; lastKnownFileType = sourcecode.c.h; path = AppDelegate.h; sourceTree = "<group>"; };
		3DAA9DAB1BF09E5200CA80B5 /* AppDelegate.m */ = {isa = PBXFileReference; lastKnownFileType = sourcecode.c.objc; path = AppDelegate.m; sourceTree = "<group>"; };
		3DAA9DB81BF09E5200CA80B5 /* Info.plist */ = {isa = PBXFileReference; lastKnownFileType = text.plist.xml; path = Info.plist; sourceTree = "<group>"; };
		3DAA9DBD1BF09E5200CA80B5 /* WilliamProjectTests.xctest */ = {isa = PBXFileReference; explicitFileType = wrapper.cfbundle; includeInIndex = 0; path = WilliamProjectTests.xctest; sourceTree = BUILT_PRODUCTS_DIR; };
		3DAA9DC11BF09E5200CA80B5 /* WilliamProjectTests.m */ = {isa = PBXFileReference; lastKnownFileType = sourcecode.c.objc; path = WilliamProjectTests.m; sourceTree = "<group>"; };
		3DAA9DC31BF09E5200CA80B5 /* Info.plist */ = {isa = PBXFileReference; lastKnownFileType = text.plist.xml; path = Info.plist; sourceTree = "<group>"; };
		3DAA9DC81BF09E5200CA80B5 /* WilliamProjectUITests.xctest */ = {isa = PBXFileReference; explicitFileType = wrapper.cfbundle; includeInIndex = 0; path = WilliamProjectUITests.xctest; sourceTree = BUILT_PRODUCTS_DIR; };
		3DAA9DCC1BF09E5200CA80B5 /* WilliamProjectUITests.m */ = {isa = PBXFileReference; lastKnownFileType = sourcecode.c.objc; path = WilliamProjectUITests.m; sourceTree = "<group>"; };
		3DAA9DCE1BF09E5200CA80B5 /* Info.plist */ = {isa = PBXFileReference; lastKnownFileType = text.plist.xml; path = Info.plist; sourceTree = "<group>"; };
		3DAA9DDB1BF0BF1200CA80B5 /* BaseViewController.h */ = {isa = PBXFileReference; fileEncoding = 4; lastKnownFileType = sourcecode.c.h; path = BaseViewController.h; sourceTree = "<group>"; };
		3DAA9DDC1BF0BF1200CA80B5 /* BaseViewController.m */ = {isa = PBXFileReference; fileEncoding = 4; lastKnownFileType = sourcecode.c.objc; path = BaseViewController.m; sourceTree = "<group>"; };
		3DAA9DDE1BF0BFBC00CA80B5 /* RootTabBarController.h */ = {isa = PBXFileReference; fileEncoding = 4; lastKnownFileType = sourcecode.c.h; path = RootTabBarController.h; sourceTree = "<group>"; };
		3DAA9DDF1BF0BFBC00CA80B5 /* RootTabBarController.m */ = {isa = PBXFileReference; fileEncoding = 4; lastKnownFileType = sourcecode.c.objc; path = RootTabBarController.m; sourceTree = "<group>"; };
		3DAA9DF61BF210F900CA80B5 /* ForYouViewController.h */ = {isa = PBXFileReference; fileEncoding = 4; lastKnownFileType = sourcecode.c.h; path = ForYouViewController.h; sourceTree = "<group>"; };
		3DAA9DF71BF210F900CA80B5 /* ForYouViewController.m */ = {isa = PBXFileReference; fileEncoding = 4; lastKnownFileType = sourcecode.c.objc; path = ForYouViewController.m; sourceTree = "<group>"; };
		3DAA9DFC1BF2112200CA80B5 /* NewViewController.h */ = {isa = PBXFileReference; fileEncoding = 4; lastKnownFileType = sourcecode.c.h; path = NewViewController.h; sourceTree = "<group>"; };
		3DAA9DFD1BF2112200CA80B5 /* NewViewController.m */ = {isa = PBXFileReference; fileEncoding = 4; lastKnownFileType = sourcecode.c.objc; path = NewViewController.m; sourceTree = "<group>"; };
		3DAA9DFF1BF2113500CA80B5 /* RadioViewController.h */ = {isa = PBXFileReference; fileEncoding = 4; lastKnownFileType = sourcecode.c.h; path = RadioViewController.h; sourceTree = "<group>"; };
		3DAA9E001BF2113500CA80B5 /* RadioViewController.m */ = {isa = PBXFileReference; fileEncoding = 4; lastKnownFileType = sourcecode.c.objc; path = RadioViewController.m; sourceTree = "<group>"; };
		3DAA9E021BF2114700CA80B5 /* ConnectViewController.h */ = {isa = PBXFileReference; fileEncoding = 4; lastKnownFileType = sourcecode.c.h; path = ConnectViewController.h; sourceTree = "<group>"; };
		3DAA9E031BF2114700CA80B5 /* ConnectViewController.m */ = {isa = PBXFileReference; fileEncoding = 4; lastKnownFileType = sourcecode.c.objc; path = ConnectViewController.m; sourceTree = "<group>"; };
		3DAA9E081BF2117300CA80B5 /* MyMusicViewController.h */ = {isa = PBXFileReference; fileEncoding = 4; lastKnownFileType = sourcecode.c.h; path = MyMusicViewController.h; sourceTree = "<group>"; };
		3DAA9E091BF2117300CA80B5 /* MyMusicViewController.m */ = {isa = PBXFileReference; fileEncoding = 4; lastKnownFileType = sourcecode.c.objc; path = MyMusicViewController.m; sourceTree = "<group>"; };
		3DB34C4B1CBB9FD800A70A02 /* CoreTelephony.framework */ = {isa = PBXFileReference; lastKnownFileType = wrapper.framework; name = CoreTelephony.framework; path = System/Library/Frameworks/CoreTelephony.framework; sourceTree = SDKROOT; };
		3DB34C4D1CBBA00200A70A02 /* OpenGLES.framework */ = {isa = PBXFileReference; lastKnownFileType = wrapper.framework; name = OpenGLES.framework; path = System/Library/Frameworks/OpenGLES.framework; sourceTree = SDKROOT; };
		3DB34C4F1CBBA02000A70A02 /* CoreMedia.framework */ = {isa = PBXFileReference; lastKnownFileType = wrapper.framework; name = CoreMedia.framework; path = System/Library/Frameworks/CoreMedia.framework; sourceTree = SDKROOT; };
		3DB34C511CBBA02E00A70A02 /* AVFoundation.framework */ = {isa = PBXFileReference; lastKnownFileType = wrapper.framework; name = AVFoundation.framework; path = System/Library/Frameworks/AVFoundation.framework; sourceTree = SDKROOT; };
		3DB34C531CBBA03700A70A02 /* VideoToolbox.framework */ = {isa = PBXFileReference; lastKnownFileType = wrapper.framework; name = VideoToolbox.framework; path = System/Library/Frameworks/VideoToolbox.framework; sourceTree = SDKROOT; };
		3DB34C551CBBA04100A70A02 /* AudioToolbox.framework */ = {isa = PBXFileReference; lastKnownFileType = wrapper.framework; name = AudioToolbox.framework; path = System/Library/Frameworks/AudioToolbox.framework; sourceTree = SDKROOT; };
		3DB34C571CBBA06A00A70A02 /* libz.tbd */ = {isa = PBXFileReference; lastKnownFileType = "sourcecode.text-based-dylib-definition"; name = libz.tbd; path = usr/lib/libz.tbd; sourceTree = SDKROOT; };
		3DB34C591CBBA07400A70A02 /* libbz2.tbd */ = {isa = PBXFileReference; lastKnownFileType = "sourcecode.text-based-dylib-definition"; name = libbz2.tbd; path = usr/lib/libbz2.tbd; sourceTree = SDKROOT; };
		3DB34C5B1CBBA07F00A70A02 /* libstdc++.tbd */ = {isa = PBXFileReference; lastKnownFileType = "sourcecode.text-based-dylib-definition"; name = "libstdc++.tbd"; path = "usr/lib/libstdc++.tbd"; sourceTree = SDKROOT; };
		3DB34C5D1CBBA08800A70A02 /* libiconv.tbd */ = {isa = PBXFileReference; lastKnownFileType = "sourcecode.text-based-dylib-definition"; name = libiconv.tbd; path = usr/lib/libiconv.tbd; sourceTree = SDKROOT; };
		3DB34C5F1CBBA6F300A70A02 /* CFNetwork.framework */ = {isa = PBXFileReference; lastKnownFileType = wrapper.framework; name = CFNetwork.framework; path = System/Library/Frameworks/CFNetwork.framework; sourceTree = SDKROOT; };
		3DB34C611CBBA70600A70A02 /* Foundation.framework */ = {isa = PBXFileReference; lastKnownFileType = wrapper.framework; name = Foundation.framework; path = System/Library/Frameworks/Foundation.framework; sourceTree = SDKROOT; };
		3DC44DB51CAB82620026D9F6 /* BaseNavigationController.h */ = {isa = PBXFileReference; fileEncoding = 4; lastKnownFileType = sourcecode.c.h; path = BaseNavigationController.h; sourceTree = "<group>"; };
		3DC44DB61CAB82620026D9F6 /* BaseNavigationController.m */ = {isa = PBXFileReference; fileEncoding = 4; lastKnownFileType = sourcecode.c.objc; path = BaseNavigationController.m; sourceTree = "<group>"; };
		3DCC19E11CA9041F006B0B32 /* NewsTestController.h */ = {isa = PBXFileReference; fileEncoding = 4; lastKnownFileType = sourcecode.c.h; path = NewsTestController.h; sourceTree = "<group>"; };
		3DCC19E21CA9041F006B0B32 /* NewsTestController.m */ = {isa = PBXFileReference; fileEncoding = 4; lastKnownFileType = sourcecode.c.objc; path = NewsTestController.m; sourceTree = "<group>"; };
		3DD8911B1CEDB60000BA94E8 /* AppDelegate+Helper.h */ = {isa = PBXFileReference; fileEncoding = 4; lastKnownFileType = sourcecode.c.h; path = "AppDelegate+Helper.h"; sourceTree = "<group>"; };
		3DD8911C1CEDB60000BA94E8 /* AppDelegate+Helper.m */ = {isa = PBXFileReference; fileEncoding = 4; lastKnownFileType = sourcecode.c.objc; path = "AppDelegate+Helper.m"; sourceTree = "<group>"; };
		3DE3FCFF1CFC08A0003EA02E /* MasonryViewController.h */ = {isa = PBXFileReference; fileEncoding = 4; lastKnownFileType = sourcecode.c.h; path = MasonryViewController.h; sourceTree = "<group>"; };
		3DE3FD001CFC08A0003EA02E /* MasonryViewController.m */ = {isa = PBXFileReference; fileEncoding = 4; lastKnownFileType = sourcecode.c.objc; path = MasonryViewController.m; sourceTree = "<group>"; };
		3DE3FD021CFC08E2003EA02E /* BaseMasonryView.h */ = {isa = PBXFileReference; fileEncoding = 4; lastKnownFileType = sourcecode.c.h; path = BaseMasonryView.h; sourceTree = "<group>"; };
		3DE3FD031CFC08E2003EA02E /* BaseMasonryView.m */ = {isa = PBXFileReference; fileEncoding = 4; lastKnownFileType = sourcecode.c.objc; path = BaseMasonryView.m; sourceTree = "<group>"; };
		3DEE657E1C731D8900CC37E0 /* CustomTransitionAController.h */ = {isa = PBXFileReference; fileEncoding = 4; lastKnownFileType = sourcecode.c.h; path = CustomTransitionAController.h; sourceTree = "<group>"; };
		3DEE657F1C731D8900CC37E0 /* CustomTransitionAController.m */ = {isa = PBXFileReference; fileEncoding = 4; lastKnownFileType = sourcecode.c.objc; path = CustomTransitionAController.m; sourceTree = "<group>"; };
		3DEE65811C731D9E00CC37E0 /* CustomTransitionBController.h */ = {isa = PBXFileReference; fileEncoding = 4; lastKnownFileType = sourcecode.c.h; path = CustomTransitionBController.h; sourceTree = "<group>"; };
		3DEE65821C731D9E00CC37E0 /* CustomTransitionBController.m */ = {isa = PBXFileReference; fileEncoding = 4; lastKnownFileType = sourcecode.c.objc; path = CustomTransitionBController.m; sourceTree = "<group>"; };
		3DEE65841C731DDA00CC37E0 /* CustomAnimationTransition.h */ = {isa = PBXFileReference; fileEncoding = 4; lastKnownFileType = sourcecode.c.h; path = CustomAnimationTransition.h; sourceTree = "<group>"; };
		3DEE65851C731DDA00CC37E0 /* CustomAnimationTransition.m */ = {isa = PBXFileReference; fileEncoding = 4; lastKnownFileType = sourcecode.c.objc; path = CustomAnimationTransition.m; sourceTree = "<group>"; };
		3DF408AB1CEB1587009840E4 /* LayersViewController.h */ = {isa = PBXFileReference; fileEncoding = 4; lastKnownFileType = sourcecode.c.h; path = LayersViewController.h; sourceTree = "<group>"; };
		3DF408AC1CEB1587009840E4 /* LayersViewController.m */ = {isa = PBXFileReference; fileEncoding = 4; lastKnownFileType = sourcecode.c.objc; path = LayersViewController.m; sourceTree = "<group>"; };
		3DF408AD1CEB1587009840E4 /* AITransformView.h */ = {isa = PBXFileReference; fileEncoding = 4; lastKnownFileType = sourcecode.c.h; path = AITransformView.h; sourceTree = "<group>"; };
		3DF408AE1CEB1587009840E4 /* AITransformView.m */ = {isa = PBXFileReference; fileEncoding = 4; lastKnownFileType = sourcecode.c.objc; path = AITransformView.m; sourceTree = "<group>"; };
		3DF408AF1CEB1587009840E4 /* Trackball.h */ = {isa = PBXFileReference; fileEncoding = 4; lastKnownFileType = sourcecode.c.h; path = Trackball.h; sourceTree = "<group>"; };
		3DF408B01CEB1587009840E4 /* Trackball.m */ = {isa = PBXFileReference; fileEncoding = 4; lastKnownFileType = sourcecode.c.objc; path = Trackball.m; sourceTree = "<group>"; };
		B658DFC561ED43211B9F22AC /* Pods-WilliamProject.debug.xcconfig */ = {isa = PBXFileReference; includeInIndex = 1; lastKnownFileType = text.xcconfig; name = "Pods-WilliamProject.debug.xcconfig"; path = "Pods/Target Support Files/Pods-WilliamProject/Pods-WilliamProject.debug.xcconfig"; sourceTree = "<group>"; };
		F387D5FFFD48F6FB44614F8D /* Pods-WilliamProject.release.xcconfig */ = {isa = PBXFileReference; includeInIndex = 1; lastKnownFileType = text.xcconfig; name = "Pods-WilliamProject.release.xcconfig"; path = "Pods/Target Support Files/Pods-WilliamProject/Pods-WilliamProject.release.xcconfig"; sourceTree = "<group>"; };
/* End PBXFileReference section */

/* Begin PBXFrameworksBuildPhase section */
		3DAA9DA11BF09E5200CA80B5 /* Frameworks */ = {
			isa = PBXFrameworksBuildPhase;
			buildActionMask = 2147483647;
			files = (
				3D4816111D0FDED200AE124A /* SystemConfiguration.framework in Frameworks */,
				CF766D8CCCDBCC543085BC95 /* libPods-WilliamProject.a in Frameworks */,
			);
			runOnlyForDeploymentPostprocessing = 0;
		};
		3DAA9DBA1BF09E5200CA80B5 /* Frameworks */ = {
			isa = PBXFrameworksBuildPhase;
			buildActionMask = 2147483647;
			files = (
			);
			runOnlyForDeploymentPostprocessing = 0;
		};
		3DAA9DC51BF09E5200CA80B5 /* Frameworks */ = {
			isa = PBXFrameworksBuildPhase;
			buildActionMask = 2147483647;
			files = (
			);
			runOnlyForDeploymentPostprocessing = 0;
		};
/* End PBXFrameworksBuildPhase section */

/* Begin PBXGroup section */
		3D48163E1D0FE5A900AE124A /* UIView */ = {
			isa = PBXGroup;
			children = (
				3D48163F1D0FE5A900AE124A /* UIView+AEBHandyAutoLayout.h */,
				3D4816401D0FE5A900AE124A /* UIView+AEBHandyAutoLayout.m */,
				3D4816411D0FE5A900AE124A /* UIView+LayoutMethods.h */,
				3D4816421D0FE5A900AE124A /* UIView+LayoutMethods.m */,
			);
			path = UIView;
			sourceTree = "<group>";
		};
		3D65796C1D59709400A9C4BA /* CropView */ = {
			isa = PBXGroup;
			children = (
				3D65796D1D59709400A9C4BA /* PECropRectView.h */,
				3D65796E1D59709400A9C4BA /* PECropRectView.m */,
				3D65796F1D59709400A9C4BA /* PECropView.h */,
				3D6579701D59709400A9C4BA /* PECropView.m */,
				3D6579711D59709400A9C4BA /* PEResizeControl.h */,
				3D6579721D59709400A9C4BA /* PEResizeControl.m */,
			);
			path = CropView;
			sourceTree = "<group>";
		};
		3D6CDCE61CDAF7CB00885595 /* HelloWorldWatchApp */ = {
			isa = PBXGroup;
			children = (
				3D6CDCE71CDAF7CB00885595 /* Interface.storyboard */,
				3D6CDCEA1CDAF7CB00885595 /* Assets.xcassets */,
				3D6CDCEC1CDAF7CB00885595 /* Info.plist */,
			);
			path = HelloWorldWatchApp;
			sourceTree = "<group>";
		};
		3D6CDCF51CDAF7CB00885595 /* HelloWorldWatchApp Extension */ = {
			isa = PBXGroup;
			children = (
				3D73B2EE1CDB0CE000B5507E /* MyTableRowController.h */,
				3D73B2EF1CDB0CE000B5507E /* MyTableRowController.m */,
				3D6CDCF61CDAF7CB00885595 /* InterfaceController.h */,
				3D6CDCF71CDAF7CB00885595 /* InterfaceController.m */,
				3D6CDCF91CDAF7CB00885595 /* ExtensionDelegate.h */,
				3D6CDCFA1CDAF7CB00885595 /* ExtensionDelegate.m */,
				3D6CDCFC1CDAF7CB00885595 /* Assets.xcassets */,
				3D6CDCFE1CDAF7CB00885595 /* Info.plist */,
			);
			path = "HelloWorldWatchApp Extension";
			sourceTree = "<group>";
		};
		3D94A43D1BFC5482002F6C03 /* Categories */ = {
			isa = PBXGroup;
			children = (
				3D4819111D1177E300AE124A /* UIImage+TintColor.h */,
				3D4819121D1177E300AE124A /* UIImage+TintColor.m */,
				3D48163E1D0FE5A900AE124A /* UIView */,
			);
			path = Categories;
			sourceTree = "<group>";
		};
		3DAA9D9B1BF09E5100CA80B5 = {
			isa = PBXGroup;
			children = (
				3DAA9DA61BF09E5200CA80B5 /* WilliamProject */,
				3DAA9DC01BF09E5200CA80B5 /* WilliamProjectTests */,
				3DAA9DCB1BF09E5200CA80B5 /* WilliamProjectUITests */,
				3D6CDCE61CDAF7CB00885595 /* HelloWorldWatchApp */,
				3D6CDCF51CDAF7CB00885595 /* HelloWorldWatchApp Extension */,
				3DAA9DA51BF09E5200CA80B5 /* Products */,
				B4D9021A3B883E3E3E63BC5A /* Pods */,
				AE497DF0FB0EF033CAF67F13 /* Frameworks */,
			);
			sourceTree = "<group>";
		};
		3DAA9DA51BF09E5200CA80B5 /* Products */ = {
			isa = PBXGroup;
			children = (
				3DAA9DA41BF09E5200CA80B5 /* WilliamProject.app */,
				3DAA9DBD1BF09E5200CA80B5 /* WilliamProjectTests.xctest */,
				3DAA9DC81BF09E5200CA80B5 /* WilliamProjectUITests.xctest */,
			);
			name = Products;
			sourceTree = "<group>";
		};
		3DAA9DA61BF09E5200CA80B5 /* WilliamProject */ = {
			isa = PBXGroup;
			children = (
				3DAA9DAA1BF09E5200CA80B5 /* AppDelegate.h */,
				3DAA9DAB1BF09E5200CA80B5 /* AppDelegate.m */,
				3DB34C2C1CBB9BAD00A70A02 /* ThirdParty */,
				3D94A43D1BFC5482002F6C03 /* Categories */,
				3DAA9E4F1BF333D900CA80B5 /* Services */,
				3DAA9DE11BF0C0C200CA80B5 /* MainModule */,
				3DAA9DDA1BF0BED700CA80B5 /* BaseControllers */,
				3DAA9DB81BF09E5200CA80B5 /* Info.plist */,
				3DAA9DA71BF09E5200CA80B5 /* Supporting Files */,
				3D5A78271BFF40B900C4B312 /* Localizable.strings */,
				3D3B2DC01C0F290300D0D8B1 /* Assets.xcassets */,
				3D9656F01C1477780005CFB8 /* SizeClass.storyboard */,
			);
			path = WilliamProject;
			sourceTree = "<group>";
		};
		3DAA9DA71BF09E5200CA80B5 /* Supporting Files */ = {
			isa = PBXGroup;
			children = (
				3D65796A1D58896A00A9C4BA /* TextPic@2x.jpg */,
				3D6579681D58896100A9C4BA /* TextPic.jpg */,
				3DAA9DA81BF09E5200CA80B5 /* main.m */,
				3D94A4451BFC5684002F6C03 /* PrefixHeader.pch */,
			);
			name = "Supporting Files";
			sourceTree = "<group>";
		};
		3DAA9DC01BF09E5200CA80B5 /* WilliamProjectTests */ = {
			isa = PBXGroup;
			children = (
				3DAA9DC11BF09E5200CA80B5 /* WilliamProjectTests.m */,
				3DAA9DC31BF09E5200CA80B5 /* Info.plist */,
			);
			path = WilliamProjectTests;
			sourceTree = "<group>";
		};
		3DAA9DCB1BF09E5200CA80B5 /* WilliamProjectUITests */ = {
			isa = PBXGroup;
			children = (
				3DAA9DCC1BF09E5200CA80B5 /* WilliamProjectUITests.m */,
				3DAA9DCE1BF09E5200CA80B5 /* Info.plist */,
			);
			path = WilliamProjectUITests;
			sourceTree = "<group>";
		};
		3DAA9DDA1BF0BED700CA80B5 /* BaseControllers */ = {
			isa = PBXGroup;
			children = (
				3D9656F21C147D980005CFB8 /* LaunchScreen.storyboard */,
				3DAA9DDB1BF0BF1200CA80B5 /* BaseViewController.h */,
				3DAA9DDC1BF0BF1200CA80B5 /* BaseViewController.m */,
				3DAA9DDE1BF0BFBC00CA80B5 /* RootTabBarController.h */,
				3DAA9DDF1BF0BFBC00CA80B5 /* RootTabBarController.m */,
				3DC44DB51CAB82620026D9F6 /* BaseNavigationController.h */,
				3DC44DB61CAB82620026D9F6 /* BaseNavigationController.m */,
			);
			path = BaseControllers;
			sourceTree = "<group>";
		};
		3DAA9DE11BF0C0C200CA80B5 /* MainModule */ = {
			isa = PBXGroup;
			children = (
				3DAA9DE21BF0C16300CA80B5 /* Connect */,
				3DAA9DE31BF0C16300CA80B5 /* ForYou */,
				3DAA9DE51BF0C16300CA80B5 /* New */,
				3DAA9DE61BF0C16300CA80B5 /* Radio */,
				3DAA9DE41BF0C16300CA80B5 /* MyMusic */,
			);
			path = MainModule;
			sourceTree = "<group>";
		};
		3DAA9DE21BF0C16300CA80B5 /* Connect */ = {
			isa = PBXGroup;
			children = (
				3DAA9DF01BF0CBF200CA80B5 /* Controllers */,
				3DAA9DF11BF0CBF200CA80B5 /* Models */,
				3DAA9DF21BF0CBF200CA80B5 /* Views */,
			);
			path = Connect;
			sourceTree = "<group>";
		};
		3DAA9DE31BF0C16300CA80B5 /* ForYou */ = {
			isa = PBXGroup;
			children = (
				3DAA9DE71BF0CBCB00CA80B5 /* Controllers */,
				3DAA9DE81BF0CBCB00CA80B5 /* Models */,
				3DAA9DE91BF0CBCB00CA80B5 /* Views */,
			);
			path = ForYou;
			sourceTree = "<group>";
		};
		3DAA9DE41BF0C16300CA80B5 /* MyMusic */ = {
			isa = PBXGroup;
			children = (
				3DAA9DF31BF0CBFC00CA80B5 /* Controllers */,
				3DAA9DF41BF0CBFC00CA80B5 /* Models */,
				3DAA9DF51BF0CBFC00CA80B5 /* Views */,
			);
			path = MyMusic;
			sourceTree = "<group>";
		};
		3DAA9DE51BF0C16300CA80B5 /* New */ = {
			isa = PBXGroup;
			children = (
				3DAA9DEA1BF0CBDD00CA80B5 /* Controllers */,
				3DAA9DEB1BF0CBDD00CA80B5 /* Models */,
				3DAA9DEC1BF0CBDD00CA80B5 /* Views */,
			);
			path = New;
			sourceTree = "<group>";
		};
		3DAA9DE61BF0C16300CA80B5 /* Radio */ = {
			isa = PBXGroup;
			children = (
				3DAA9DED1BF0CBE700CA80B5 /* Controllers */,
				3DAA9DEE1BF0CBE700CA80B5 /* Models */,
				3DAA9DEF1BF0CBE700CA80B5 /* Views */,
			);
			path = Radio;
			sourceTree = "<group>";
		};
		3DAA9DE71BF0CBCB00CA80B5 /* Controllers */ = {
			isa = PBXGroup;
			children = (
				3DAA9DF61BF210F900CA80B5 /* ForYouViewController.h */,
				3DAA9DF71BF210F900CA80B5 /* ForYouViewController.m */,
				3DEE657E1C731D8900CC37E0 /* CustomTransitionAController.h */,
				3DEE657F1C731D8900CC37E0 /* CustomTransitionAController.m */,
				3DEE65811C731D9E00CC37E0 /* CustomTransitionBController.h */,
				3DEE65821C731D9E00CC37E0 /* CustomTransitionBController.m */,
				3DEE65841C731DDA00CC37E0 /* CustomAnimationTransition.h */,
				3DEE65851C731DDA00CC37E0 /* CustomAnimationTransition.m */,
			);
			path = Controllers;
			sourceTree = "<group>";
		};
		3DAA9DE81BF0CBCB00CA80B5 /* Models */ = {
			isa = PBXGroup;
			children = (
			);
			path = Models;
			sourceTree = "<group>";
		};
		3DAA9DE91BF0CBCB00CA80B5 /* Views */ = {
			isa = PBXGroup;
			children = (
			);
			path = Views;
			sourceTree = "<group>";
		};
		3DAA9DEA1BF0CBDD00CA80B5 /* Controllers */ = {
			isa = PBXGroup;
			children = (
				3DAA9DFC1BF2112200CA80B5 /* NewViewController.h */,
				3DAA9DFD1BF2112200CA80B5 /* NewViewController.m */,
				3DCC19E11CA9041F006B0B32 /* NewsTestController.h */,
				3DCC19E21CA9041F006B0B32 /* NewsTestController.m */,
			);
			path = Controllers;
			sourceTree = "<group>";
		};
		3DAA9DEB1BF0CBDD00CA80B5 /* Models */ = {
			isa = PBXGroup;
			children = (
			);
			path = Models;
			sourceTree = "<group>";
		};
		3DAA9DEC1BF0CBDD00CA80B5 /* Views */ = {
			isa = PBXGroup;
			children = (
				3D5B5ED71CB3AC0B007999DF /* TopicVideoPlayerControlView.h */,
				3D5B5ED81CB3AC0B007999DF /* TopicVideoPlayerControlView.m */,
			);
			path = Views;
			sourceTree = "<group>";
		};
		3DAA9DED1BF0CBE700CA80B5 /* Controllers */ = {
			isa = PBXGroup;
			children = (
				3DAA9DFF1BF2113500CA80B5 /* RadioViewController.h */,
				3DAA9E001BF2113500CA80B5 /* RadioViewController.m */,
				3DE3FCFF1CFC08A0003EA02E /* MasonryViewController.h */,
				3DE3FD001CFC08A0003EA02E /* MasonryViewController.m */,
			);
			path = Controllers;
			sourceTree = "<group>";
		};
		3DAA9DEE1BF0CBE700CA80B5 /* Models */ = {
			isa = PBXGroup;
			children = (
				3D741F551D07E3F900F9C743 /* TransitionAlphaAnimator.h */,
				3D741F561D07E3F900F9C743 /* TransitionAlphaAnimator.m */,
				3D4307661D0CF9E0004F71C8 /* PhotoBrowserTransition.h */,
				3D4307671D0CF9E0004F71C8 /* PhotoBrowserTransition.m */,
			);
			path = Models;
			sourceTree = "<group>";
		};
		3DAA9DEF1BF0CBE700CA80B5 /* Views */ = {
			isa = PBXGroup;
			children = (
				3D94A4461BFC7315002F6C03 /* PlaySlider.h */,
				3D94A4471BFC7315002F6C03 /* PlaySlider.m */,
				3DE3FD021CFC08E2003EA02E /* BaseMasonryView.h */,
				3DE3FD031CFC08E2003EA02E /* BaseMasonryView.m */,
				3D8B23191D1C14880099E6B4 /* RadioTableViewCell.h */,
				3D8B231A1D1C14880099E6B4 /* RadioTableViewCell.m */,
			);
			path = Views;
			sourceTree = "<group>";
		};
		3DAA9DF01BF0CBF200CA80B5 /* Controllers */ = {
			isa = PBXGroup;
			children = (
				3DAA9E021BF2114700CA80B5 /* ConnectViewController.h */,
				3DAA9E031BF2114700CA80B5 /* ConnectViewController.m */,
			);
			path = Controllers;
			sourceTree = "<group>";
		};
		3DAA9DF11BF0CBF200CA80B5 /* Models */ = {
			isa = PBXGroup;
			children = (
			);
			path = Models;
			sourceTree = "<group>";
		};
		3DAA9DF21BF0CBF200CA80B5 /* Views */ = {
			isa = PBXGroup;
			children = (
				3DF408AB1CEB1587009840E4 /* LayersViewController.h */,
				3DF408AC1CEB1587009840E4 /* LayersViewController.m */,
				3DF408AD1CEB1587009840E4 /* AITransformView.h */,
				3DF408AE1CEB1587009840E4 /* AITransformView.m */,
				3DF408AF1CEB1587009840E4 /* Trackball.h */,
				3DF408B01CEB1587009840E4 /* Trackball.m */,
			);
			path = Views;
			sourceTree = "<group>";
		};
		3DAA9DF31BF0CBFC00CA80B5 /* Controllers */ = {
			isa = PBXGroup;
			children = (
				3DAA9E081BF2117300CA80B5 /* MyMusicViewController.h */,
				3DAA9E091BF2117300CA80B5 /* MyMusicViewController.m */,
			);
			path = Controllers;
			sourceTree = "<group>";
		};
		3DAA9DF41BF0CBFC00CA80B5 /* Models */ = {
			isa = PBXGroup;
			children = (
				3D8A910B1D71AC2200AF312F /* CustomTextAttachment.h */,
				3D8A910C1D71AC2200AF312F /* CustomTextAttachment.m */,
			);
			path = Models;
			sourceTree = "<group>";
		};
		3DAA9DF51BF0CBFC00CA80B5 /* Views */ = {
			isa = PBXGroup;
			children = (
				3D65796C1D59709400A9C4BA /* CropView */,
				3D94A44E1BFC7DA4002F6C03 /* RecordingView.h */,
				3D94A44F1BFC7DA4002F6C03 /* RecordingView.m */,
				3D43076C1D0E9E72004F71C8 /* CopyableLabel.h */,
				3D43076D1D0E9E72004F71C8 /* CopyableLabel.m */,
			);
			path = Views;
			sourceTree = "<group>";
		};
		3DAA9E4F1BF333D900CA80B5 /* Services */ = {
			isa = PBXGroup;
			children = (
			);
			path = Services;
			sourceTree = "<group>";
		};
		3DB34C2C1CBB9BAD00A70A02 /* ThirdParty */ = {
			isa = PBXGroup;
			children = (
				3DD8911B1CEDB60000BA94E8 /* AppDelegate+Helper.h */,
				3DD8911C1CEDB60000BA94E8 /* AppDelegate+Helper.m */,
			);
			path = ThirdParty;
			sourceTree = "<group>";
		};
		AE497DF0FB0EF033CAF67F13 /* Frameworks */ = {
			isa = PBXGroup;
			children = (
				3D4816121D0FDEF500AE124A /* libc++.tbd */,
				3D4816101D0FDED200AE124A /* SystemConfiguration.framework */,
				3DB34C611CBBA70600A70A02 /* Foundation.framework */,
				3DB34C5F1CBBA6F300A70A02 /* CFNetwork.framework */,
				3DB34C5D1CBBA08800A70A02 /* libiconv.tbd */,
				3DB34C5B1CBBA07F00A70A02 /* libstdc++.tbd */,
				3DB34C591CBBA07400A70A02 /* libbz2.tbd */,
				3DB34C571CBBA06A00A70A02 /* libz.tbd */,
				3DB34C551CBBA04100A70A02 /* AudioToolbox.framework */,
				3DB34C531CBBA03700A70A02 /* VideoToolbox.framework */,
				3DB34C511CBBA02E00A70A02 /* AVFoundation.framework */,
				3DB34C4F1CBBA02000A70A02 /* CoreMedia.framework */,
				3DB34C4D1CBBA00200A70A02 /* OpenGLES.framework */,
				3DB34C4B1CBB9FD800A70A02 /* CoreTelephony.framework */,
				330B9F70EF74A67E50FA7A8A /* libPods-WilliamProject.a */,
			);
			name = Frameworks;
			sourceTree = "<group>";
		};
		B4D9021A3B883E3E3E63BC5A /* Pods */ = {
			isa = PBXGroup;
			children = (
				B658DFC561ED43211B9F22AC /* Pods-WilliamProject.debug.xcconfig */,
				F387D5FFFD48F6FB44614F8D /* Pods-WilliamProject.release.xcconfig */,
			);
			name = Pods;
			sourceTree = "<group>";
		};
/* End PBXGroup section */

/* Begin PBXNativeTarget section */
		3DAA9DA31BF09E5200CA80B5 /* WilliamProject */ = {
			isa = PBXNativeTarget;
			buildConfigurationList = 3DAA9DD11BF09E5200CA80B5 /* Build configuration list for PBXNativeTarget "WilliamProject" */;
			buildPhases = (
				9223BAF6E9C84CE0FEFC44CA /* [CP] Check Pods Manifest.lock */,
				3DAA9DA01BF09E5200CA80B5 /* Sources */,
				3DAA9DA11BF09E5200CA80B5 /* Frameworks */,
				3DAA9DA21BF09E5200CA80B5 /* Resources */,
				24C43389D131E08E12FBDC40 /* [CP] Embed Pods Frameworks */,
				76BA009884C6CC0A0FF075D1 /* [CP] Copy Pods Resources */,
				3D6CDD011CDAF7CB00885595 /* Embed Watch Content */,
			);
			buildRules = (
			);
			dependencies = (
			);
			name = WilliamProject;
			productName = WilliamProject;
			productReference = 3DAA9DA41BF09E5200CA80B5 /* WilliamProject.app */;
			productType = "com.apple.product-type.application";
		};
		3DAA9DBC1BF09E5200CA80B5 /* WilliamProjectTests */ = {
			isa = PBXNativeTarget;
			buildConfigurationList = 3DAA9DD41BF09E5200CA80B5 /* Build configuration list for PBXNativeTarget "WilliamProjectTests" */;
			buildPhases = (
				3DAA9DB91BF09E5200CA80B5 /* Sources */,
				3DAA9DBA1BF09E5200CA80B5 /* Frameworks */,
				3DAA9DBB1BF09E5200CA80B5 /* Resources */,
			);
			buildRules = (
			);
			dependencies = (
				3DAA9DBF1BF09E5200CA80B5 /* PBXTargetDependency */,
			);
			name = WilliamProjectTests;
			productName = WilliamProjectTests;
			productReference = 3DAA9DBD1BF09E5200CA80B5 /* WilliamProjectTests.xctest */;
			productType = "com.apple.product-type.bundle.unit-test";
		};
		3DAA9DC71BF09E5200CA80B5 /* WilliamProjectUITests */ = {
			isa = PBXNativeTarget;
			buildConfigurationList = 3DAA9DD71BF09E5200CA80B5 /* Build configuration list for PBXNativeTarget "WilliamProjectUITests" */;
			buildPhases = (
				3DAA9DC41BF09E5200CA80B5 /* Sources */,
				3DAA9DC51BF09E5200CA80B5 /* Frameworks */,
				3DAA9DC61BF09E5200CA80B5 /* Resources */,
			);
			buildRules = (
			);
			dependencies = (
				3DAA9DCA1BF09E5200CA80B5 /* PBXTargetDependency */,
			);
			name = WilliamProjectUITests;
			productName = WilliamProjectUITests;
			productReference = 3DAA9DC81BF09E5200CA80B5 /* WilliamProjectUITests.xctest */;
			productType = "com.apple.product-type.bundle.ui-testing";
		};
/* End PBXNativeTarget section */

/* Begin PBXProject section */
		3DAA9D9C1BF09E5100CA80B5 /* Project object */ = {
			isa = PBXProject;
			attributes = {
				LastUpgradeCheck = 0710;
				ORGANIZATIONNAME = WilliamChen;
				TargetAttributes = {
					3DAA9DA31BF09E5200CA80B5 = {
						CreatedOnToolsVersion = 7.1;
						DevelopmentTeam = NAQE7SQSQ8;
						ProvisioningStyle = Automatic;
					};
					3DAA9DBC1BF09E5200CA80B5 = {
						CreatedOnToolsVersion = 7.1;
						DevelopmentTeam = NAQE7SQSQ8;
						TestTargetID = 3DAA9DA31BF09E5200CA80B5;
					};
					3DAA9DC71BF09E5200CA80B5 = {
						CreatedOnToolsVersion = 7.1;
						DevelopmentTeam = NAQE7SQSQ8;
						TestTargetID = 3DAA9DA31BF09E5200CA80B5;
					};
				};
			};
			buildConfigurationList = 3DAA9D9F1BF09E5100CA80B5 /* Build configuration list for PBXProject "WilliamProject" */;
			compatibilityVersion = "Xcode 3.2";
			developmentRegion = English;
			hasScannedForEncodings = 0;
			knownRegions = (
				en,
				Base,
				"zh-Hans",
			);
			mainGroup = 3DAA9D9B1BF09E5100CA80B5;
			productRefGroup = 3DAA9DA51BF09E5200CA80B5 /* Products */;
			projectDirPath = "";
			projectRoot = "";
			targets = (
				3DAA9DA31BF09E5200CA80B5 /* WilliamProject */,
				3DAA9DBC1BF09E5200CA80B5 /* WilliamProjectTests */,
				3DAA9DC71BF09E5200CA80B5 /* WilliamProjectUITests */,
			);
		};
/* End PBXProject section */

/* Begin PBXResourcesBuildPhase section */
		3DAA9DA21BF09E5200CA80B5 /* Resources */ = {
			isa = PBXResourcesBuildPhase;
			buildActionMask = 2147483647;
			files = (
				3D5A78251BFF40B900C4B312 /* Localizable.strings in Resources */,
				3D6579691D58896100A9C4BA /* TextPic.jpg in Resources */,
				3D9656F31C147D980005CFB8 /* LaunchScreen.storyboard in Resources */,
				3D65796B1D58896A00A9C4BA /* TextPic@2x.jpg in Resources */,
				3D9656F11C1477780005CFB8 /* SizeClass.storyboard in Resources */,
				3D3B2DC11C0F290300D0D8B1 /* Assets.xcassets in Resources */,
			);
			runOnlyForDeploymentPostprocessing = 0;
		};
		3DAA9DBB1BF09E5200CA80B5 /* Resources */ = {
			isa = PBXResourcesBuildPhase;
			buildActionMask = 2147483647;
			files = (
			);
			runOnlyForDeploymentPostprocessing = 0;
		};
		3DAA9DC61BF09E5200CA80B5 /* Resources */ = {
			isa = PBXResourcesBuildPhase;
			buildActionMask = 2147483647;
			files = (
			);
			runOnlyForDeploymentPostprocessing = 0;
		};
/* End PBXResourcesBuildPhase section */

/* Begin PBXShellScriptBuildPhase section */
		24C43389D131E08E12FBDC40 /* [CP] Embed Pods Frameworks */ = {
			isa = PBXShellScriptBuildPhase;
			buildActionMask = 2147483647;
			files = (
			);
			inputPaths = (
			);
			name = "[CP] Embed Pods Frameworks";
			outputPaths = (
			);
			runOnlyForDeploymentPostprocessing = 0;
			shellPath = /bin/sh;
			shellScript = "\"${SRCROOT}/Pods/Target Support Files/Pods-WilliamProject/Pods-WilliamProject-frameworks.sh\"\n";
			showEnvVarsInLog = 0;
		};
		76BA009884C6CC0A0FF075D1 /* [CP] Copy Pods Resources */ = {
			isa = PBXShellScriptBuildPhase;
			buildActionMask = 2147483647;
			files = (
			);
			inputPaths = (
			);
			name = "[CP] Copy Pods Resources";
			outputPaths = (
			);
			runOnlyForDeploymentPostprocessing = 0;
			shellPath = /bin/sh;
			shellScript = "\"${SRCROOT}/Pods/Target Support Files/Pods-WilliamProject/Pods-WilliamProject-resources.sh\"\n";
			showEnvVarsInLog = 0;
		};
		9223BAF6E9C84CE0FEFC44CA /* [CP] Check Pods Manifest.lock */ = {
			isa = PBXShellScriptBuildPhase;
			buildActionMask = 2147483647;
			files = (
			);
			inputPaths = (
			);
			name = "[CP] Check Pods Manifest.lock";
			outputPaths = (
			);
			runOnlyForDeploymentPostprocessing = 0;
			shellPath = /bin/sh;
			shellScript = "diff \"${PODS_ROOT}/../Podfile.lock\" \"${PODS_ROOT}/Manifest.lock\" > /dev/null\nif [[ $? != 0 ]] ; then\n    cat << EOM\nerror: The sandbox is not in sync with the Podfile.lock. Run 'pod install' or update your CocoaPods installation.\nEOM\n    exit 1\nfi\n";
			showEnvVarsInLog = 0;
		};
/* End PBXShellScriptBuildPhase section */

/* Begin PBXSourcesBuildPhase section */
		3DAA9DA01BF09E5200CA80B5 /* Sources */ = {
			isa = PBXSourcesBuildPhase;
			buildActionMask = 2147483647;
			files = (
				3DAA9DF81BF210F900CA80B5 /* ForYouViewController.m in Sources */,
				3D94A4501BFC7DA4002F6C03 /* RecordingView.m in Sources */,
				3DEE65861C731DDA00CC37E0 /* CustomAnimationTransition.m in Sources */,
				3DAA9E0A1BF2117300CA80B5 /* MyMusicViewController.m in Sources */,
				3DD8911D1CEDB60000BA94E8 /* AppDelegate+Helper.m in Sources */,
				3D741F571D07E3F900F9C743 /* TransitionAlphaAnimator.m in Sources */,
				3DAA9DE01BF0BFBC00CA80B5 /* RootTabBarController.m in Sources */,
				3D4819131D1177E300AE124A /* UIImage+TintColor.m in Sources */,
				3DCC19E31CA9041F006B0B32 /* NewsTestController.m in Sources */,
				3DAA9DDD1BF0BF1200CA80B5 /* BaseViewController.m in Sources */,
				3DAA9E041BF2114700CA80B5 /* ConnectViewController.m in Sources */,
				3DAA9DAC1BF09E5200CA80B5 /* AppDelegate.m in Sources */,
				3D6579731D59709400A9C4BA /* PECropRectView.m in Sources */,
				3DE3FD011CFC08A0003EA02E /* MasonryViewController.m in Sources */,
				3D8A910D1D71AC2200AF312F /* CustomTextAttachment.m in Sources */,
				3DE3FD041CFC08E2003EA02E /* BaseMasonryView.m in Sources */,
				3DAA9DA91BF09E5200CA80B5 /* main.m in Sources */,
				3DF408B11CEB1587009840E4 /* LayersViewController.m in Sources */,
				3D43076E1D0E9E72004F71C8 /* CopyableLabel.m in Sources */,
				3DEE65831C731D9E00CC37E0 /* CustomTransitionBController.m in Sources */,
				3D4307681D0CF9E0004F71C8 /* PhotoBrowserTransition.m in Sources */,
				3D94A4481BFC7315002F6C03 /* PlaySlider.m in Sources */,
				3D4816621D0FE5A900AE124A /* UIView+AEBHandyAutoLayout.m in Sources */,
				3D8B231B1D1C14880099E6B4 /* RadioTableViewCell.m in Sources */,
				3DC44DB71CAB82620026D9F6 /* BaseNavigationController.m in Sources */,
				3D6579741D59709400A9C4BA /* PECropView.m in Sources */,
				3DAA9E011BF2113500CA80B5 /* RadioViewController.m in Sources */,
				3D6579751D59709400A9C4BA /* PEResizeControl.m in Sources */,
				3DF408B21CEB1587009840E4 /* AITransformView.m in Sources */,
				3DAA9DFE1BF2112200CA80B5 /* NewViewController.m in Sources */,
				3DF408B31CEB1587009840E4 /* Trackball.m in Sources */,
				3D5B5ED91CB3AC0B007999DF /* TopicVideoPlayerControlView.m in Sources */,
				3DEE65801C731D8900CC37E0 /* CustomTransitionAController.m in Sources */,
				3D4816631D0FE5A900AE124A /* UIView+LayoutMethods.m in Sources */,
			);
			runOnlyForDeploymentPostprocessing = 0;
		};
		3DAA9DB91BF09E5200CA80B5 /* Sources */ = {
			isa = PBXSourcesBuildPhase;
			buildActionMask = 2147483647;
			files = (
				3DAA9DC21BF09E5200CA80B5 /* WilliamProjectTests.m in Sources */,
			);
			runOnlyForDeploymentPostprocessing = 0;
		};
		3DAA9DC41BF09E5200CA80B5 /* Sources */ = {
			isa = PBXSourcesBuildPhase;
			buildActionMask = 2147483647;
			files = (
				3DAA9DCD1BF09E5200CA80B5 /* WilliamProjectUITests.m in Sources */,
			);
			runOnlyForDeploymentPostprocessing = 0;
		};
/* End PBXSourcesBuildPhase section */

/* Begin PBXTargetDependency section */
		3DAA9DBF1BF09E5200CA80B5 /* PBXTargetDependency */ = {
			isa = PBXTargetDependency;
			target = 3DAA9DA31BF09E5200CA80B5 /* WilliamProject */;
			targetProxy = 3DAA9DBE1BF09E5200CA80B5 /* PBXContainerItemProxy */;
		};
		3DAA9DCA1BF09E5200CA80B5 /* PBXTargetDependency */ = {
			isa = PBXTargetDependency;
			target = 3DAA9DA31BF09E5200CA80B5 /* WilliamProject */;
			targetProxy = 3DAA9DC91BF09E5200CA80B5 /* PBXContainerItemProxy */;
		};
/* End PBXTargetDependency section */

/* Begin PBXVariantGroup section */
		3D5A78271BFF40B900C4B312 /* Localizable.strings */ = {
			isa = PBXVariantGroup;
			children = (
				3D5A78261BFF40B900C4B312 /* Base */,
				3D5A78281BFF40BB00C4B312 /* en */,
				3D5A78291BFF40BD00C4B312 /* zh-Hans */,
			);
			name = Localizable.strings;
			sourceTree = "<group>";
		};
		3D6CDCE71CDAF7CB00885595 /* Interface.storyboard */ = {
			isa = PBXVariantGroup;
			children = (
				3D6CDCE81CDAF7CB00885595 /* Base */,
			);
			name = Interface.storyboard;
			sourceTree = "<group>";
		};
/* End PBXVariantGroup section */

/* Begin XCBuildConfiguration section */
		3DAA9DCF1BF09E5200CA80B5 /* Debug */ = {
			isa = XCBuildConfiguration;
			buildSettings = {
				ALWAYS_SEARCH_USER_PATHS = NO;
				CLANG_CXX_LANGUAGE_STANDARD = "gnu++0x";
				CLANG_CXX_LIBRARY = "libc++";
				CLANG_ENABLE_MODULES = YES;
				CLANG_ENABLE_OBJC_ARC = YES;
				CLANG_WARN_BOOL_CONVERSION = YES;
				CLANG_WARN_CONSTANT_CONVERSION = YES;
				CLANG_WARN_DIRECT_OBJC_ISA_USAGE = YES_ERROR;
				CLANG_WARN_EMPTY_BODY = YES;
				CLANG_WARN_ENUM_CONVERSION = YES;
				CLANG_WARN_INT_CONVERSION = YES;
				CLANG_WARN_OBJC_ROOT_CLASS = YES_ERROR;
				CLANG_WARN_UNREACHABLE_CODE = YES;
				CLANG_WARN__DUPLICATE_METHOD_MATCH = YES;
				"CODE_SIGN_IDENTITY[sdk=iphoneos*]" = "iPhone Developer: yu mei (Y2UQ4Q2TE3)";
				COPY_PHASE_STRIP = NO;
				DEBUG_INFORMATION_FORMAT = dwarf;
				ENABLE_STRICT_OBJC_MSGSEND = YES;
				ENABLE_TESTABILITY = YES;
				GCC_C_LANGUAGE_STANDARD = gnu99;
				GCC_DYNAMIC_NO_PIC = NO;
				GCC_NO_COMMON_BLOCKS = YES;
				GCC_OPTIMIZATION_LEVEL = 0;
				GCC_PREPROCESSOR_DEFINITIONS = (
					"DEBUG=1",
					"$(inherited)",
				);
				GCC_WARN_64_TO_32_BIT_CONVERSION = YES;
				GCC_WARN_ABOUT_RETURN_TYPE = YES_ERROR;
				GCC_WARN_UNDECLARED_SELECTOR = YES;
				GCC_WARN_UNINITIALIZED_AUTOS = YES_AGGRESSIVE;
				GCC_WARN_UNUSED_FUNCTION = YES;
				GCC_WARN_UNUSED_VARIABLE = YES;
				IPHONEOS_DEPLOYMENT_TARGET = 9.1;
				MTL_ENABLE_DEBUG_INFO = YES;
				ONLY_ACTIVE_ARCH = YES;
				PROVISIONING_PROFILE = "ca59f790-6a28-451b-afb5-629e8d1bf103";
				SDKROOT = iphoneos;
			};
			name = Debug;
		};
		3DAA9DD01BF09E5200CA80B5 /* Release */ = {
			isa = XCBuildConfiguration;
			buildSettings = {
				ALWAYS_SEARCH_USER_PATHS = NO;
				CLANG_CXX_LANGUAGE_STANDARD = "gnu++0x";
				CLANG_CXX_LIBRARY = "libc++";
				CLANG_ENABLE_MODULES = YES;
				CLANG_ENABLE_OBJC_ARC = YES;
				CLANG_WARN_BOOL_CONVERSION = YES;
				CLANG_WARN_CONSTANT_CONVERSION = YES;
				CLANG_WARN_DIRECT_OBJC_ISA_USAGE = YES_ERROR;
				CLANG_WARN_EMPTY_BODY = YES;
				CLANG_WARN_ENUM_CONVERSION = YES;
				CLANG_WARN_INT_CONVERSION = YES;
				CLANG_WARN_OBJC_ROOT_CLASS = YES_ERROR;
				CLANG_WARN_UNREACHABLE_CODE = YES;
				CLANG_WARN__DUPLICATE_METHOD_MATCH = YES;
				"CODE_SIGN_IDENTITY[sdk=iphoneos*]" = "iPhone Developer: yu mei (Y2UQ4Q2TE3)";
				COPY_PHASE_STRIP = NO;
				DEBUG_INFORMATION_FORMAT = "dwarf-with-dsym";
				ENABLE_NS_ASSERTIONS = NO;
				ENABLE_STRICT_OBJC_MSGSEND = YES;
				GCC_C_LANGUAGE_STANDARD = gnu99;
				GCC_NO_COMMON_BLOCKS = YES;
				GCC_WARN_64_TO_32_BIT_CONVERSION = YES;
				GCC_WARN_ABOUT_RETURN_TYPE = YES_ERROR;
				GCC_WARN_UNDECLARED_SELECTOR = YES;
				GCC_WARN_UNINITIALIZED_AUTOS = YES_AGGRESSIVE;
				GCC_WARN_UNUSED_FUNCTION = YES;
				GCC_WARN_UNUSED_VARIABLE = YES;
				IPHONEOS_DEPLOYMENT_TARGET = 9.1;
				MTL_ENABLE_DEBUG_INFO = NO;
				PROVISIONING_PROFILE = "ca59f790-6a28-451b-afb5-629e8d1bf103";
				SDKROOT = iphoneos;
				VALIDATE_PRODUCT = YES;
			};
			name = Release;
		};
		3DAA9DD21BF09E5200CA80B5 /* Debug */ = {
			isa = XCBuildConfiguration;
			baseConfigurationReference = B658DFC561ED43211B9F22AC /* Pods-WilliamProject.debug.xcconfig */;
			buildSettings = {
				ASSETCATALOG_COMPILER_APPICON_NAME = AppIcon;
				ASSETCATALOG_COMPILER_LAUNCHIMAGE_NAME = LaunchImage;
				CODE_SIGN_IDENTITY = "iPhone Developer: yu mei (Y2UQ4Q2TE3)";
				"CODE_SIGN_IDENTITY[sdk=iphoneos*]" = "iPhone Developer";
				DEVELOPMENT_TEAM = NAQE7SQSQ8;
				FRAMEWORK_SEARCH_PATHS = (
					"$(inherited)",
					"$(PROJECT_DIR)/WilliamProject/ThirdParty/TIM/libs",
				);
				GCC_PRECOMPILE_PREFIX_HEADER = YES;
				GCC_PREFIX_HEADER = "$(SRCROOT)/WilliamProject/PrefixHeader.pch";
				INFOPLIST_FILE = WilliamProject/Info.plist;
				IPHONEOS_DEPLOYMENT_TARGET = 7.0;
				LD_RUNPATH_SEARCH_PATHS = "$(inherited) @executable_path/Frameworks";
				LIBRARY_SEARCH_PATHS = (
					"$(inherited)",
					"$(PROJECT_DIR)/WilliamProject/ThirdParty/BlocksKit",
				);
				PRODUCT_BUNDLE_IDENTIFIER = com.xiaoyu.TaTaReview;
				PRODUCT_NAME = "$(TARGET_NAME)";
				PROVISIONING_PROFILE = "";
				PROVISIONING_PROFILE_SPECIFIER = "";
			};
			name = Debug;
		};
		3DAA9DD31BF09E5200CA80B5 /* Release */ = {
			isa = XCBuildConfiguration;
			baseConfigurationReference = F387D5FFFD48F6FB44614F8D /* Pods-WilliamProject.release.xcconfig */;
			buildSettings = {
				ASSETCATALOG_COMPILER_APPICON_NAME = AppIcon;
				ASSETCATALOG_COMPILER_LAUNCHIMAGE_NAME = LaunchImage;
				CODE_SIGN_IDENTITY = "iPhone Developer: yu mei (Y2UQ4Q2TE3)";
				"CODE_SIGN_IDENTITY[sdk=iphoneos*]" = "iPhone Developer";
				DEVELOPMENT_TEAM = NAQE7SQSQ8;
				FRAMEWORK_SEARCH_PATHS = (
					"$(inherited)",
					"$(PROJECT_DIR)/WilliamProject/ThirdParty/TIM/libs",
				);
				GCC_PRECOMPILE_PREFIX_HEADER = YES;
				GCC_PREFIX_HEADER = "$(SRCROOT)/WilliamProject/PrefixHeader.pch";
				INFOPLIST_FILE = WilliamProject/Info.plist;
				IPHONEOS_DEPLOYMENT_TARGET = 7.0;
				LD_RUNPATH_SEARCH_PATHS = "$(inherited) @executable_path/Frameworks";
				LIBRARY_SEARCH_PATHS = "$(inherited)";
				PRODUCT_BUNDLE_IDENTIFIER = com.xiaoyu.TaTaReview;
				PRODUCT_NAME = "$(TARGET_NAME)";
				PROVISIONING_PROFILE = "";
				PROVISIONING_PROFILE_SPECIFIER = "";
			};
			name = Release;
		};
		3DAA9DD51BF09E5200CA80B5 /* Debug */ = {
			isa = XCBuildConfiguration;
			buildSettings = {
				BUNDLE_LOADER = "$(TEST_HOST)";
				DEVELOPMENT_TEAM = NAQE7SQSQ8;
				INFOPLIST_FILE = WilliamProjectTests/Info.plist;
				LD_RUNPATH_SEARCH_PATHS = "$(inherited) @executable_path/Frameworks @loader_path/Frameworks";
				PRODUCT_BUNDLE_IDENTIFIER = com.BlueMobi.WilliamProjectTests;
				PRODUCT_NAME = "$(TARGET_NAME)";
				TEST_HOST = "$(BUILT_PRODUCTS_DIR)/WilliamProject.app/WilliamProject";
			};
			name = Debug;
		};
		3DAA9DD61BF09E5200CA80B5 /* Release */ = {
			isa = XCBuildConfiguration;
			buildSettings = {
				BUNDLE_LOADER = "$(TEST_HOST)";
				DEVELOPMENT_TEAM = NAQE7SQSQ8;
				INFOPLIST_FILE = WilliamProjectTests/Info.plist;
				LD_RUNPATH_SEARCH_PATHS = "$(inherited) @executable_path/Frameworks @loader_path/Frameworks";
				PRODUCT_BUNDLE_IDENTIFIER = com.BlueMobi.WilliamProjectTests;
				PRODUCT_NAME = "$(TARGET_NAME)";
				TEST_HOST = "$(BUILT_PRODUCTS_DIR)/WilliamProject.app/WilliamProject";
			};
			name = Release;
		};
		3DAA9DD81BF09E5200CA80B5 /* Debug */ = {
			isa = XCBuildConfiguration;
			buildSettings = {
				DEVELOPMENT_TEAM = NAQE7SQSQ8;
				INFOPLIST_FILE = WilliamProjectUITests/Info.plist;
				LD_RUNPATH_SEARCH_PATHS = "$(inherited) @executable_path/Frameworks @loader_path/Frameworks";
				PRODUCT_BUNDLE_IDENTIFIER = com.BlueMobi.WilliamProjectUITests;
				PRODUCT_NAME = "$(TARGET_NAME)";
				TEST_TARGET_NAME = WilliamProject;
				USES_XCTRUNNER = YES;
			};
			name = Debug;
		};
		3DAA9DD91BF09E5200CA80B5 /* Release */ = {
			isa = XCBuildConfiguration;
			buildSettings = {
				DEVELOPMENT_TEAM = NAQE7SQSQ8;
				INFOPLIST_FILE = WilliamProjectUITests/Info.plist;
				LD_RUNPATH_SEARCH_PATHS = "$(inherited) @executable_path/Frameworks @loader_path/Frameworks";
				PRODUCT_BUNDLE_IDENTIFIER = com.BlueMobi.WilliamProjectUITests;
				PRODUCT_NAME = "$(TARGET_NAME)";
				TEST_TARGET_NAME = WilliamProject;
				USES_XCTRUNNER = YES;
			};
			name = Release;
		};
/* End XCBuildConfiguration section */

/* Begin XCConfigurationList section */
		3DAA9D9F1BF09E5100CA80B5 /* Build configuration list for PBXProject "WilliamProject" */ = {
			isa = XCConfigurationList;
			buildConfigurations = (
				3DAA9DCF1BF09E5200CA80B5 /* Debug */,
				3DAA9DD01BF09E5200CA80B5 /* Release */,
			);
			defaultConfigurationIsVisible = 0;
			defaultConfigurationName = Release;
		};
		3DAA9DD11BF09E5200CA80B5 /* Build configuration list for PBXNativeTarget "WilliamProject" */ = {
			isa = XCConfigurationList;
			buildConfigurations = (
				3DAA9DD21BF09E5200CA80B5 /* Debug */,
				3DAA9DD31BF09E5200CA80B5 /* Release */,
			);
			defaultConfigurationIsVisible = 0;
			defaultConfigurationName = Release;
		};
		3DAA9DD41BF09E5200CA80B5 /* Build configuration list for PBXNativeTarget "WilliamProjectTests" */ = {
			isa = XCConfigurationList;
			buildConfigurations = (
				3DAA9DD51BF09E5200CA80B5 /* Debug */,
				3DAA9DD61BF09E5200CA80B5 /* Release */,
			);
			defaultConfigurationIsVisible = 0;
			defaultConfigurationName = Release;
		};
		3DAA9DD71BF09E5200CA80B5 /* Build configuration list for PBXNativeTarget "WilliamProjectUITests" */ = {
			isa = XCConfigurationList;
			buildConfigurations = (
				3DAA9DD81BF09E5200CA80B5 /* Debug */,
				3DAA9DD91BF09E5200CA80B5 /* Release */,
			);
			defaultConfigurationIsVisible = 0;
			defaultConfigurationName = Release;
		};
/* End XCConfigurationList section */
	};
	rootObject = 3DAA9D9C1BF09E5100CA80B5 /* Project object */;
}
